// !$*UTF8*$!
{
	archiveVersion = 1;
	classes = {
	};
	objectVersion = 56;
	objects = {

/* Begin PBXBuildFile section */
		EC015092298BCEB500BAF650 /* LoginView.swift in Sources */ = {isa = PBXBuildFile; fileRef = EC015091298BCEB500BAF650 /* LoginView.swift */; };
		EC015094298BCEDB00BAF650 /* SignupView.swift in Sources */ = {isa = PBXBuildFile; fileRef = EC015093298BCEDB00BAF650 /* SignupView.swift */; };
		EC0F60CA29BE456F00C982EE /* FeedBodyView.swift in Sources */ = {isa = PBXBuildFile; fileRef = EC0F60C929BE456F00C982EE /* FeedBodyView.swift */; };
		EC0F60CC29BE457E00C982EE /* FeedBodyViewModel.swift in Sources */ = {isa = PBXBuildFile; fileRef = EC0F60CB29BE457E00C982EE /* FeedBodyViewModel.swift */; };
		EC1016F529B0FBAB00DEE9E2 /* String.swift in Sources */ = {isa = PBXBuildFile; fileRef = EC1016F429B0FBAB00DEE9E2 /* String.swift */; };
		EC1016F729B1006800DEE9E2 /* View.swift in Sources */ = {isa = PBXBuildFile; fileRef = EC1016F629B1006800DEE9E2 /* View.swift */; };
		EC13277C299E3F760049F993 /* NewPostView.swift in Sources */ = {isa = PBXBuildFile; fileRef = EC13277B299E3F760049F993 /* NewPostView.swift */; };
		EC180CB4298C384D00671AA2 /* AuthenticationUser.swift in Sources */ = {isa = PBXBuildFile; fileRef = EC180CB3298C384D00671AA2 /* AuthenticationUser.swift */; };
		EC180CB6298C387000671AA2 /* AuthViewModel.swift in Sources */ = {isa = PBXBuildFile; fileRef = EC180CB5298C387000671AA2 /* AuthViewModel.swift */; };
		EC180CB8298C3EEE00671AA2 /* MainView.swift in Sources */ = {isa = PBXBuildFile; fileRef = EC180CB7298C3EEE00671AA2 /* MainView.swift */; };
		EC3CEAA929BB8F340048FADE /* HomeView.swift in Sources */ = {isa = PBXBuildFile; fileRef = EC3CEAA829BB8F340048FADE /* HomeView.swift */; };
		EC3CEAAB29BB8F490048FADE /* FinancialView.swift in Sources */ = {isa = PBXBuildFile; fileRef = EC3CEAAA29BB8F490048FADE /* FinancialView.swift */; };
		EC3CEAAD29BB8F550048FADE /* ValuationView.swift in Sources */ = {isa = PBXBuildFile; fileRef = EC3CEAAC29BB8F550048FADE /* ValuationView.swift */; };
		EC3CEAB129BB8F880048FADE /* HomeViewModel.swift in Sources */ = {isa = PBXBuildFile; fileRef = EC3CEAB029BB8F880048FADE /* HomeViewModel.swift */; };
		EC40027929A9047A00CD1036 /* SessionService.swift in Sources */ = {isa = PBXBuildFile; fileRef = EC40027829A9047A00CD1036 /* SessionService.swift */; };
		EC40027B29A91ADB00CD1036 /* SettingsViewModel.swift in Sources */ = {isa = PBXBuildFile; fileRef = EC40027A29A91ADB00CD1036 /* SettingsViewModel.swift */; };
		EC401130298BBC260033F54B /* GoogleService-Info.plist in Resources */ = {isa = PBXBuildFile; fileRef = EC40112F298BBC250033F54B /* GoogleService-Info.plist */; };
		EC401133298BBE260033F54B /* FirebaseAnalytics in Frameworks */ = {isa = PBXBuildFile; productRef = EC401132298BBE260033F54B /* FirebaseAnalytics */; };
		EC401135298BBE260033F54B /* FirebaseAuth in Frameworks */ = {isa = PBXBuildFile; productRef = EC401134298BBE260033F54B /* FirebaseAuth */; };
		EC401139298BBE260033F54B /* FirebaseFirestore in Frameworks */ = {isa = PBXBuildFile; productRef = EC401138298BBE260033F54B /* FirebaseFirestore */; };
		EC40113B298BBE260033F54B /* FirebaseFunctions in Frameworks */ = {isa = PBXBuildFile; productRef = EC40113A298BBE260033F54B /* FirebaseFunctions */; };
		EC49E90C29A3939A003AE346 /* CommentSectionView.swift in Sources */ = {isa = PBXBuildFile; fileRef = EC49E90B29A39399003AE346 /* CommentSectionView.swift */; };
		EC49E90E29A393D1003AE346 /* CommentSectionViewModel.swift in Sources */ = {isa = PBXBuildFile; fileRef = EC49E90D29A393D1003AE346 /* CommentSectionViewModel.swift */; };
		EC49E91029A398A8003AE346 /* Comment.swift in Sources */ = {isa = PBXBuildFile; fileRef = EC49E90F29A398A8003AE346 /* Comment.swift */; };
		EC49E91229A398FF003AE346 /* CommentService.swift in Sources */ = {isa = PBXBuildFile; fileRef = EC49E91129A398FF003AE346 /* CommentService.swift */; };
		EC4CE36529B7ABC800F600CC /* SearchViewModel.swift in Sources */ = {isa = PBXBuildFile; fileRef = EC4CE36429B7ABC800F600CC /* SearchViewModel.swift */; };
		EC4CE36729B7AE4900F600CC /* Search.swift in Sources */ = {isa = PBXBuildFile; fileRef = EC4CE36629B7AE4900F600CC /* Search.swift */; };
		EC650B3A29BCDAF200D508D8 /* AboutView.swift in Sources */ = {isa = PBXBuildFile; fileRef = EC650B3929BCDAF200D508D8 /* AboutView.swift */; };
		EC67E32B299543B9002EBC2C /* FeedView.swift in Sources */ = {isa = PBXBuildFile; fileRef = EC67E32A299543B9002EBC2C /* FeedView.swift */; };
		EC6802B729AB767E0019EE18 /* StockService.swift in Sources */ = {isa = PBXBuildFile; fileRef = EC6802B629AB767E0019EE18 /* StockService.swift */; };
		EC6802B929AB8EDF0019EE18 /* StockView.swift in Sources */ = {isa = PBXBuildFile; fileRef = EC6802B829AB8EDF0019EE18 /* StockView.swift */; };
		EC6802BB29AB8FDF0019EE18 /* StockViewModel.swift in Sources */ = {isa = PBXBuildFile; fileRef = EC6802BA29AB8FDF0019EE18 /* StockViewModel.swift */; };
		EC6802BF29ABA8310019EE18 /* LogoView.swift in Sources */ = {isa = PBXBuildFile; fileRef = EC6802BE29ABA8310019EE18 /* LogoView.swift */; };
		EC6802C129ABA8420019EE18 /* LogoViewModel.swift in Sources */ = {isa = PBXBuildFile; fileRef = EC6802C029ABA8420019EE18 /* LogoViewModel.swift */; };
		EC6802C729ABD8110019EE18 /* NewsService.swift in Sources */ = {isa = PBXBuildFile; fileRef = EC6802C629ABD8110019EE18 /* NewsService.swift */; };
		EC6E627A29AA13210064110A /* NetworkingManager.swift in Sources */ = {isa = PBXBuildFile; fileRef = EC6E627929AA13210064110A /* NetworkingManager.swift */; };
		EC6E627E29AA15270064110A /* News.swift in Sources */ = {isa = PBXBuildFile; fileRef = EC6E627D29AA15270064110A /* News.swift */; };
		EC6E628029AA3A820064110A /* NewsViewModel.swift in Sources */ = {isa = PBXBuildFile; fileRef = EC6E627F29AA3A820064110A /* NewsViewModel.swift */; };
		EC72691729AD2149002FAB32 /* ChartView.swift in Sources */ = {isa = PBXBuildFile; fileRef = EC72691629AD2149002FAB32 /* ChartView.swift */; };
		EC72691929AD2347002FAB32 /* ChartViewModel.swift in Sources */ = {isa = PBXBuildFile; fileRef = EC72691829AD2347002FAB32 /* ChartViewModel.swift */; };
		EC72691C29AD2EE3002FAB32 /* StockCharts in Frameworks */ = {isa = PBXBuildFile; productRef = EC72691B29AD2EE3002FAB32 /* StockCharts */; };
		EC84911C2996ACC800DD2413 /* PostView.swift in Sources */ = {isa = PBXBuildFile; fileRef = EC84911B2996ACC800DD2413 /* PostView.swift */; };
		EC8FA49C29C0FB5D009CE80E /* PriceView.swift in Sources */ = {isa = PBXBuildFile; fileRef = EC8FA49B29C0FB5C009CE80E /* PriceView.swift */; };
		EC8FA49E29C0FD12009CE80E /* PriceViewModel.swift in Sources */ = {isa = PBXBuildFile; fileRef = EC8FA49D29C0FD12009CE80E /* PriceViewModel.swift */; };
		EC8FA4A029C10D34009CE80E /* Price.swift in Sources */ = {isa = PBXBuildFile; fileRef = EC8FA49F29C10D34009CE80E /* Price.swift */; };
		EC90D618298ACED3001D4520 /* StockAnalyzerApp.swift in Sources */ = {isa = PBXBuildFile; fileRef = EC90D617298ACED3001D4520 /* StockAnalyzerApp.swift */; };
		EC90D61C298ACED5001D4520 /* Assets.xcassets in Resources */ = {isa = PBXBuildFile; fileRef = EC90D61B298ACED5001D4520 /* Assets.xcassets */; };
		EC90D61F298ACED5001D4520 /* Preview Assets.xcassets in Resources */ = {isa = PBXBuildFile; fileRef = EC90D61E298ACED5001D4520 /* Preview Assets.xcassets */; };
		EC917268299547DE00EA924D /* NewsView.swift in Sources */ = {isa = PBXBuildFile; fileRef = EC917267299547DE00EA924D /* NewsView.swift */; };
		EC91726A299547EA00EA924D /* PortfolioView.swift in Sources */ = {isa = PBXBuildFile; fileRef = EC917269299547EA00EA924D /* PortfolioView.swift */; };
		EC91726C299547F600EA924D /* SearchView.swift in Sources */ = {isa = PBXBuildFile; fileRef = EC91726B299547F600EA924D /* SearchView.swift */; };
		EC91727029955E9500EA924D /* SettingsView.swift in Sources */ = {isa = PBXBuildFile; fileRef = EC91726F29955E9500EA924D /* SettingsView.swift */; };
		ECA41EEC29B9EFB800DA03DA /* NewsRowView.swift in Sources */ = {isa = PBXBuildFile; fileRef = ECA41EEB29B9EFB800DA03DA /* NewsRowView.swift */; };
		ECA41EF029B9EFE600DA03DA /* NewsRowViewModel.swift in Sources */ = {isa = PBXBuildFile; fileRef = ECA41EEF29B9EFE600DA03DA /* NewsRowViewModel.swift */; };
		ECA41EF229B9F00600DA03DA /* ImageService.swift in Sources */ = {isa = PBXBuildFile; fileRef = ECA41EF129B9F00600DA03DA /* ImageService.swift */; };
		ECA41EF429BA142000DA03DA /* Company.swift in Sources */ = {isa = PBXBuildFile; fileRef = ECA41EF329BA142000DA03DA /* Company.swift */; };
		ECB0F04F29B33D4A002AF29C /* Date.swift in Sources */ = {isa = PBXBuildFile; fileRef = ECB0F04E29B33D4A002AF29C /* Date.swift */; };
		ECB0F05129B3561A002AF29C /* Double.swift in Sources */ = {isa = PBXBuildFile; fileRef = ECB0F05029B3561A002AF29C /* Double.swift */; };
		ECC2615729C1DBFD00CE1B7C /* ApiKeys.swift in Sources */ = {isa = PBXBuildFile; fileRef = ECC2615629C1DBFD00CE1B7C /* ApiKeys.swift */; };
		ECCDEFA829A3C2C500034C76 /* CommentView.swift in Sources */ = {isa = PBXBuildFile; fileRef = ECCDEFA729A3C2C500034C76 /* CommentView.swift */; };
		ECCDEFAA29A3C30300034C76 /* CommentViewModel.swift in Sources */ = {isa = PBXBuildFile; fileRef = ECCDEFA929A3C30300034C76 /* CommentViewModel.swift */; };
		ECEBBFE0299920EE00104326 /* PostViewModel.swift in Sources */ = {isa = PBXBuildFile; fileRef = ECEBBFDF299920EE00104326 /* PostViewModel.swift */; };
		ECF669CC2996F37900855894 /* Post.swift in Sources */ = {isa = PBXBuildFile; fileRef = ECF669CB2996F37900855894 /* Post.swift */; };
		ECF669CE2996F3C400855894 /* User.swift in Sources */ = {isa = PBXBuildFile; fileRef = ECF669CD2996F3C400855894 /* User.swift */; };
		ECF669D22997A2E800855894 /* FeedViewModel.swift in Sources */ = {isa = PBXBuildFile; fileRef = ECF669D12997A2E800855894 /* FeedViewModel.swift */; };
		ECF669D52997C0C100855894 /* FirebaseFirestoreSwift in Frameworks */ = {isa = PBXBuildFile; productRef = ECF669D42997C0C100855894 /* FirebaseFirestoreSwift */; };
		ECF669D82997D8FD00855894 /* UserService.swift in Sources */ = {isa = PBXBuildFile; fileRef = ECF669D72997D8FD00855894 /* UserService.swift */; };
		ECF669DA2997E08E00855894 /* PostService.swift in Sources */ = {isa = PBXBuildFile; fileRef = ECF669D92997E08E00855894 /* PostService.swift */; };
		ECFD63F5298E63AA00B576DA /* StartView.swift in Sources */ = {isa = PBXBuildFile; fileRef = ECFD63F4298E63AA00B576DA /* StartView.swift */; };
/* End PBXBuildFile section */

/* Begin PBXFileReference section */
		EC015091298BCEB500BAF650 /* LoginView.swift */ = {isa = PBXFileReference; lastKnownFileType = sourcecode.swift; path = LoginView.swift; sourceTree = "<group>"; };
		EC015093298BCEDB00BAF650 /* SignupView.swift */ = {isa = PBXFileReference; lastKnownFileType = sourcecode.swift; path = SignupView.swift; sourceTree = "<group>"; };
		EC0F60C929BE456F00C982EE /* FeedBodyView.swift */ = {isa = PBXFileReference; lastKnownFileType = sourcecode.swift; path = FeedBodyView.swift; sourceTree = "<group>"; };
		EC0F60CB29BE457E00C982EE /* FeedBodyViewModel.swift */ = {isa = PBXFileReference; lastKnownFileType = sourcecode.swift; path = FeedBodyViewModel.swift; sourceTree = "<group>"; };
		EC1016F429B0FBAB00DEE9E2 /* String.swift */ = {isa = PBXFileReference; lastKnownFileType = sourcecode.swift; path = String.swift; sourceTree = "<group>"; };
		EC1016F629B1006800DEE9E2 /* View.swift */ = {isa = PBXFileReference; lastKnownFileType = sourcecode.swift; path = View.swift; sourceTree = "<group>"; };
		EC13277B299E3F760049F993 /* NewPostView.swift */ = {isa = PBXFileReference; lastKnownFileType = sourcecode.swift; path = NewPostView.swift; sourceTree = "<group>"; };
		EC180CB3298C384D00671AA2 /* AuthenticationUser.swift */ = {isa = PBXFileReference; lastKnownFileType = sourcecode.swift; path = AuthenticationUser.swift; sourceTree = "<group>"; };
		EC180CB5298C387000671AA2 /* AuthViewModel.swift */ = {isa = PBXFileReference; lastKnownFileType = sourcecode.swift; path = AuthViewModel.swift; sourceTree = "<group>"; };
		EC180CB7298C3EEE00671AA2 /* MainView.swift */ = {isa = PBXFileReference; lastKnownFileType = sourcecode.swift; path = MainView.swift; sourceTree = "<group>"; };
		EC3CEAA829BB8F340048FADE /* HomeView.swift */ = {isa = PBXFileReference; lastKnownFileType = sourcecode.swift; path = HomeView.swift; sourceTree = "<group>"; };
		EC3CEAAA29BB8F490048FADE /* FinancialView.swift */ = {isa = PBXFileReference; lastKnownFileType = sourcecode.swift; path = FinancialView.swift; sourceTree = "<group>"; };
		EC3CEAAC29BB8F550048FADE /* ValuationView.swift */ = {isa = PBXFileReference; lastKnownFileType = sourcecode.swift; path = ValuationView.swift; sourceTree = "<group>"; };
		EC3CEAB029BB8F880048FADE /* HomeViewModel.swift */ = {isa = PBXFileReference; lastKnownFileType = sourcecode.swift; path = HomeViewModel.swift; sourceTree = "<group>"; };
		EC40027829A9047A00CD1036 /* SessionService.swift */ = {isa = PBXFileReference; lastKnownFileType = sourcecode.swift; path = SessionService.swift; sourceTree = "<group>"; };
		EC40027A29A91ADB00CD1036 /* SettingsViewModel.swift */ = {isa = PBXFileReference; lastKnownFileType = sourcecode.swift; path = SettingsViewModel.swift; sourceTree = "<group>"; };
		EC40112F298BBC250033F54B /* GoogleService-Info.plist */ = {isa = PBXFileReference; fileEncoding = 4; lastKnownFileType = text.plist.xml; path = "GoogleService-Info.plist"; sourceTree = "<group>"; };
		EC49E90B29A39399003AE346 /* CommentSectionView.swift */ = {isa = PBXFileReference; lastKnownFileType = sourcecode.swift; path = CommentSectionView.swift; sourceTree = "<group>"; };
		EC49E90D29A393D1003AE346 /* CommentSectionViewModel.swift */ = {isa = PBXFileReference; lastKnownFileType = sourcecode.swift; path = CommentSectionViewModel.swift; sourceTree = "<group>"; };
		EC49E90F29A398A8003AE346 /* Comment.swift */ = {isa = PBXFileReference; lastKnownFileType = sourcecode.swift; path = Comment.swift; sourceTree = "<group>"; };
		EC49E91129A398FF003AE346 /* CommentService.swift */ = {isa = PBXFileReference; lastKnownFileType = sourcecode.swift; path = CommentService.swift; sourceTree = "<group>"; };
		EC4CE36429B7ABC800F600CC /* SearchViewModel.swift */ = {isa = PBXFileReference; lastKnownFileType = sourcecode.swift; path = SearchViewModel.swift; sourceTree = "<group>"; };
		EC4CE36629B7AE4900F600CC /* Search.swift */ = {isa = PBXFileReference; lastKnownFileType = sourcecode.swift; path = Search.swift; sourceTree = "<group>"; };
		EC650B3929BCDAF200D508D8 /* AboutView.swift */ = {isa = PBXFileReference; lastKnownFileType = sourcecode.swift; path = AboutView.swift; sourceTree = "<group>"; };
		EC67E32A299543B9002EBC2C /* FeedView.swift */ = {isa = PBXFileReference; lastKnownFileType = sourcecode.swift; path = FeedView.swift; sourceTree = "<group>"; };
		EC6802B629AB767E0019EE18 /* StockService.swift */ = {isa = PBXFileReference; lastKnownFileType = sourcecode.swift; path = StockService.swift; sourceTree = "<group>"; };
		EC6802B829AB8EDF0019EE18 /* StockView.swift */ = {isa = PBXFileReference; lastKnownFileType = sourcecode.swift; path = StockView.swift; sourceTree = "<group>"; };
		EC6802BA29AB8FDF0019EE18 /* StockViewModel.swift */ = {isa = PBXFileReference; lastKnownFileType = sourcecode.swift; path = StockViewModel.swift; sourceTree = "<group>"; };
		EC6802BE29ABA8310019EE18 /* LogoView.swift */ = {isa = PBXFileReference; lastKnownFileType = sourcecode.swift; path = LogoView.swift; sourceTree = "<group>"; };
		EC6802C029ABA8420019EE18 /* LogoViewModel.swift */ = {isa = PBXFileReference; lastKnownFileType = sourcecode.swift; path = LogoViewModel.swift; sourceTree = "<group>"; };
		EC6802C629ABD8110019EE18 /* NewsService.swift */ = {isa = PBXFileReference; lastKnownFileType = sourcecode.swift; path = NewsService.swift; sourceTree = "<group>"; };
		EC6E627929AA13210064110A /* NetworkingManager.swift */ = {isa = PBXFileReference; lastKnownFileType = sourcecode.swift; path = NetworkingManager.swift; sourceTree = "<group>"; };
		EC6E627D29AA15270064110A /* News.swift */ = {isa = PBXFileReference; lastKnownFileType = sourcecode.swift; path = News.swift; sourceTree = "<group>"; };
		EC6E627F29AA3A820064110A /* NewsViewModel.swift */ = {isa = PBXFileReference; lastKnownFileType = sourcecode.swift; path = NewsViewModel.swift; sourceTree = "<group>"; };
		EC72691629AD2149002FAB32 /* ChartView.swift */ = {isa = PBXFileReference; lastKnownFileType = sourcecode.swift; path = ChartView.swift; sourceTree = "<group>"; };
		EC72691829AD2347002FAB32 /* ChartViewModel.swift */ = {isa = PBXFileReference; lastKnownFileType = sourcecode.swift; path = ChartViewModel.swift; sourceTree = "<group>"; };
		EC84911B2996ACC800DD2413 /* PostView.swift */ = {isa = PBXFileReference; lastKnownFileType = sourcecode.swift; path = PostView.swift; sourceTree = "<group>"; };
		EC8FA49B29C0FB5C009CE80E /* PriceView.swift */ = {isa = PBXFileReference; lastKnownFileType = sourcecode.swift; path = PriceView.swift; sourceTree = "<group>"; };
		EC8FA49D29C0FD12009CE80E /* PriceViewModel.swift */ = {isa = PBXFileReference; lastKnownFileType = sourcecode.swift; path = PriceViewModel.swift; sourceTree = "<group>"; };
		EC8FA49F29C10D34009CE80E /* Price.swift */ = {isa = PBXFileReference; lastKnownFileType = sourcecode.swift; path = Price.swift; sourceTree = "<group>"; };
		EC90D614298ACED3001D4520 /* StockAnalyzer.app */ = {isa = PBXFileReference; explicitFileType = wrapper.application; includeInIndex = 0; path = StockAnalyzer.app; sourceTree = BUILT_PRODUCTS_DIR; };
		EC90D617298ACED3001D4520 /* StockAnalyzerApp.swift */ = {isa = PBXFileReference; lastKnownFileType = sourcecode.swift; path = StockAnalyzerApp.swift; sourceTree = "<group>"; };
		EC90D61B298ACED5001D4520 /* Assets.xcassets */ = {isa = PBXFileReference; lastKnownFileType = folder.assetcatalog; path = Assets.xcassets; sourceTree = "<group>"; };
		EC90D61E298ACED5001D4520 /* Preview Assets.xcassets */ = {isa = PBXFileReference; lastKnownFileType = folder.assetcatalog; path = "Preview Assets.xcassets"; sourceTree = "<group>"; };
		EC917267299547DE00EA924D /* NewsView.swift */ = {isa = PBXFileReference; lastKnownFileType = sourcecode.swift; path = NewsView.swift; sourceTree = "<group>"; };
		EC917269299547EA00EA924D /* PortfolioView.swift */ = {isa = PBXFileReference; lastKnownFileType = sourcecode.swift; path = PortfolioView.swift; sourceTree = "<group>"; };
		EC91726B299547F600EA924D /* SearchView.swift */ = {isa = PBXFileReference; lastKnownFileType = sourcecode.swift; path = SearchView.swift; sourceTree = "<group>"; };
		EC91726F29955E9500EA924D /* SettingsView.swift */ = {isa = PBXFileReference; lastKnownFileType = sourcecode.swift; path = SettingsView.swift; sourceTree = "<group>"; };
		ECA1BE60298D3077005AA585 /* StockAnalyzer.entitlements */ = {isa = PBXFileReference; lastKnownFileType = text.plist.entitlements; path = StockAnalyzer.entitlements; sourceTree = "<group>"; };
		ECA41EEB29B9EFB800DA03DA /* NewsRowView.swift */ = {isa = PBXFileReference; lastKnownFileType = sourcecode.swift; path = NewsRowView.swift; sourceTree = "<group>"; };
		ECA41EEF29B9EFE600DA03DA /* NewsRowViewModel.swift */ = {isa = PBXFileReference; lastKnownFileType = sourcecode.swift; path = NewsRowViewModel.swift; sourceTree = "<group>"; };
		ECA41EF129B9F00600DA03DA /* ImageService.swift */ = {isa = PBXFileReference; lastKnownFileType = sourcecode.swift; path = ImageService.swift; sourceTree = "<group>"; };
		ECA41EF329BA142000DA03DA /* Company.swift */ = {isa = PBXFileReference; lastKnownFileType = sourcecode.swift; path = Company.swift; sourceTree = "<group>"; };
		ECB0F04E29B33D4A002AF29C /* Date.swift */ = {isa = PBXFileReference; lastKnownFileType = sourcecode.swift; path = Date.swift; sourceTree = "<group>"; };
		ECB0F05029B3561A002AF29C /* Double.swift */ = {isa = PBXFileReference; lastKnownFileType = sourcecode.swift; path = Double.swift; sourceTree = "<group>"; };
		ECC2615629C1DBFD00CE1B7C /* ApiKeys.swift */ = {isa = PBXFileReference; lastKnownFileType = sourcecode.swift; path = ApiKeys.swift; sourceTree = "<group>"; };
		ECCDEFA729A3C2C500034C76 /* CommentView.swift */ = {isa = PBXFileReference; lastKnownFileType = sourcecode.swift; path = CommentView.swift; sourceTree = "<group>"; };
		ECCDEFA929A3C30300034C76 /* CommentViewModel.swift */ = {isa = PBXFileReference; lastKnownFileType = sourcecode.swift; path = CommentViewModel.swift; sourceTree = "<group>"; };
		ECEBBFDF299920EE00104326 /* PostViewModel.swift */ = {isa = PBXFileReference; lastKnownFileType = sourcecode.swift; path = PostViewModel.swift; sourceTree = "<group>"; };
		ECF669CB2996F37900855894 /* Post.swift */ = {isa = PBXFileReference; lastKnownFileType = sourcecode.swift; path = Post.swift; sourceTree = "<group>"; };
		ECF669CD2996F3C400855894 /* User.swift */ = {isa = PBXFileReference; lastKnownFileType = sourcecode.swift; path = User.swift; sourceTree = "<group>"; };
		ECF669D12997A2E800855894 /* FeedViewModel.swift */ = {isa = PBXFileReference; lastKnownFileType = sourcecode.swift; path = FeedViewModel.swift; sourceTree = "<group>"; };
		ECF669D72997D8FD00855894 /* UserService.swift */ = {isa = PBXFileReference; lastKnownFileType = sourcecode.swift; path = UserService.swift; sourceTree = "<group>"; };
		ECF669D92997E08E00855894 /* PostService.swift */ = {isa = PBXFileReference; lastKnownFileType = sourcecode.swift; path = PostService.swift; sourceTree = "<group>"; };
		ECFD63F4298E63AA00B576DA /* StartView.swift */ = {isa = PBXFileReference; fileEncoding = 4; lastKnownFileType = sourcecode.swift; path = StartView.swift; sourceTree = "<group>"; };
/* End PBXFileReference section */

/* Begin PBXFrameworksBuildPhase section */
		EC90D611298ACED3001D4520 /* Frameworks */ = {
			isa = PBXFrameworksBuildPhase;
			buildActionMask = 2147483647;
			files = (
				ECF669D52997C0C100855894 /* FirebaseFirestoreSwift in Frameworks */,
				EC401139298BBE260033F54B /* FirebaseFirestore in Frameworks */,
				EC72691C29AD2EE3002FAB32 /* StockCharts in Frameworks */,
				EC40113B298BBE260033F54B /* FirebaseFunctions in Frameworks */,
				EC401133298BBE260033F54B /* FirebaseAnalytics in Frameworks */,
				EC401135298BBE260033F54B /* FirebaseAuth in Frameworks */,
			);
			runOnlyForDeploymentPostprocessing = 0;
		};
/* End PBXFrameworksBuildPhase section */

/* Begin PBXGroup section */
		EC015095298BD1FF00BAF650 /* Models */ = {
			isa = PBXGroup;
			children = (
				EC180CB3298C384D00671AA2 /* AuthenticationUser.swift */,
				ECF669CB2996F37900855894 /* Post.swift */,
				ECF669CD2996F3C400855894 /* User.swift */,
				EC49E90F29A398A8003AE346 /* Comment.swift */,
				EC6E627D29AA15270064110A /* News.swift */,
				EC4CE36629B7AE4900F600CC /* Search.swift */,
				ECA41EF329BA142000DA03DA /* Company.swift */,
				EC8FA49F29C10D34009CE80E /* Price.swift */,
			);
			path = Models;
			sourceTree = "<group>";
		};
		EC1016F829B1192000DEE9E2 /* Extensions */ = {
			isa = PBXGroup;
			children = (
				EC1016F429B0FBAB00DEE9E2 /* String.swift */,
				EC1016F629B1006800DEE9E2 /* View.swift */,
				ECB0F04E29B33D4A002AF29C /* Date.swift */,
				ECB0F05029B3561A002AF29C /* Double.swift */,
			);
			path = Extensions;
			sourceTree = "<group>";
		};
		EC3CEAA529BB8ED80048FADE /* Components */ = {
			isa = PBXGroup;
			children = (
				EC3CEAA629BB8EF90048FADE /* Views */,
				EC3CEAA729BB8F060048FADE /* ViewModels */,
			);
			path = Components;
			sourceTree = "<group>";
		};
		EC3CEAA629BB8EF90048FADE /* Views */ = {
			isa = PBXGroup;
			children = (
				EC72691629AD2149002FAB32 /* ChartView.swift */,
				EC6802BE29ABA8310019EE18 /* LogoView.swift */,
				EC0F60C929BE456F00C982EE /* FeedBodyView.swift */,
			);
			path = Views;
			sourceTree = "<group>";
		};
		EC3CEAA729BB8F060048FADE /* ViewModels */ = {
			isa = PBXGroup;
			children = (
				EC72691829AD2347002FAB32 /* ChartViewModel.swift */,
				EC6802C029ABA8420019EE18 /* LogoViewModel.swift */,
				EC0F60CB29BE457E00C982EE /* FeedBodyViewModel.swift */,
			);
			path = ViewModels;
			sourceTree = "<group>";
		};
		EC40027C29A91B3600CD1036 /* Views */ = {
			isa = PBXGroup;
			children = (
				EC180CB7298C3EEE00671AA2 /* MainView.swift */,
				EC91726F29955E9500EA924D /* SettingsView.swift */,
			);
			path = Views;
			sourceTree = "<group>";
		};
		EC40027D29A91B3D00CD1036 /* ViewModels */ = {
			isa = PBXGroup;
			children = (
				EC40027A29A91ADB00CD1036 /* SettingsViewModel.swift */,
			);
			path = ViewModels;
			sourceTree = "<group>";
		};
		EC6802C229ABA8530019EE18 /* Views */ = {
			isa = PBXGroup;
			children = (
				EC91726B299547F600EA924D /* SearchView.swift */,
				EC6802B829AB8EDF0019EE18 /* StockView.swift */,
				EC3CEAA829BB8F340048FADE /* HomeView.swift */,
				EC3CEAAA29BB8F490048FADE /* FinancialView.swift */,
				EC3CEAAC29BB8F550048FADE /* ValuationView.swift */,
				EC650B3929BCDAF200D508D8 /* AboutView.swift */,
				EC8FA49B29C0FB5C009CE80E /* PriceView.swift */,
			);
			path = Views;
			sourceTree = "<group>";
		};
		EC6802C329ABA85D0019EE18 /* ViewModels */ = {
			isa = PBXGroup;
			children = (
				EC6802BA29AB8FDF0019EE18 /* StockViewModel.swift */,
				EC4CE36429B7ABC800F600CC /* SearchViewModel.swift */,
				EC3CEAB029BB8F880048FADE /* HomeViewModel.swift */,
				EC8FA49D29C0FD12009CE80E /* PriceViewModel.swift */,
			);
			path = ViewModels;
			sourceTree = "<group>";
		};
		EC6E628129AA7DA70064110A /* Utilities */ = {
			isa = PBXGroup;
			children = (
				EC6E627929AA13210064110A /* NetworkingManager.swift */,
				ECC2615629C1DBFD00CE1B7C /* ApiKeys.swift */,
			);
			path = Utilities;
			sourceTree = "<group>";
		};
		EC8650E3299C3CBA00271609 /* News */ = {
			isa = PBXGroup;
			children = (
				ECA41EEE29B9EFCC00DA03DA /* ViewModels */,
				ECA41EED29B9EFBF00DA03DA /* Views */,
			);
			path = News;
			sourceTree = "<group>";
		};
		EC8650E4299C3CC600271609 /* Portfolio */ = {
			isa = PBXGroup;
			children = (
				EC917269299547EA00EA924D /* PortfolioView.swift */,
			);
			path = Portfolio;
			sourceTree = "<group>";
		};
		EC8650E5299C3CE400271609 /* Search */ = {
			isa = PBXGroup;
			children = (
				EC6802C229ABA8530019EE18 /* Views */,
				EC6802C329ABA85D0019EE18 /* ViewModels */,
			);
			path = Search;
			sourceTree = "<group>";
		};
		EC90D60B298ACED3001D4520 = {
			isa = PBXGroup;
			children = (
				EC90D616298ACED3001D4520 /* StockAnalyzer */,
				EC90D615298ACED3001D4520 /* Products */,
				ECF669D32997C0C100855894 /* Frameworks */,
			);
			sourceTree = "<group>";
		};
		EC90D615298ACED3001D4520 /* Products */ = {
			isa = PBXGroup;
			children = (
				EC90D614298ACED3001D4520 /* StockAnalyzer.app */,
			);
			name = Products;
			sourceTree = "<group>";
		};
		EC90D616298ACED3001D4520 /* StockAnalyzer */ = {
			isa = PBXGroup;
			children = (
				EC90D617298ACED3001D4520 /* StockAnalyzerApp.swift */,
				EC1016F829B1192000DEE9E2 /* Extensions */,
				EC6E628129AA7DA70064110A /* Utilities */,
				ECF669D62997D5A800855894 /* Services */,
				EC015095298BD1FF00BAF650 /* Models */,
				ECEBBFCF2998F37B00104326 /* Core */,
				EC90D61B298ACED5001D4520 /* Assets.xcassets */,
				EC40112F298BBC250033F54B /* GoogleService-Info.plist */,
				ECA1BE60298D3077005AA585 /* StockAnalyzer.entitlements */,
				EC90D61D298ACED5001D4520 /* Preview Content */,
			);
			path = StockAnalyzer;
			sourceTree = "<group>";
		};
		EC90D61D298ACED5001D4520 /* Preview Content */ = {
			isa = PBXGroup;
			children = (
				EC90D61E298ACED5001D4520 /* Preview Assets.xcassets */,
			);
			path = "Preview Content";
			sourceTree = "<group>";
		};
		ECA41EED29B9EFBF00DA03DA /* Views */ = {
			isa = PBXGroup;
			children = (
				EC917267299547DE00EA924D /* NewsView.swift */,
				ECA41EEB29B9EFB800DA03DA /* NewsRowView.swift */,
			);
			path = Views;
			sourceTree = "<group>";
		};
		ECA41EEE29B9EFCC00DA03DA /* ViewModels */ = {
			isa = PBXGroup;
			children = (
				EC6E627F29AA3A820064110A /* NewsViewModel.swift */,
				ECA41EEF29B9EFE600DA03DA /* NewsRowViewModel.swift */,
			);
			path = ViewModels;
			sourceTree = "<group>";
		};
		ECEBBFCF2998F37B00104326 /* Core */ = {
			isa = PBXGroup;
			children = (
				EC3CEAA529BB8ED80048FADE /* Components */,
				ECEBBFD02998F3FB00104326 /* Authentication */,
				ECEBBFD32998F43B00104326 /* Main */,
				ECEBBFD62998F47D00104326 /* Feed */,
				EC8650E3299C3CBA00271609 /* News */,
				EC8650E4299C3CC600271609 /* Portfolio */,
				EC8650E5299C3CE400271609 /* Search */,
			);
			path = Core;
			sourceTree = "<group>";
		};
		ECEBBFD02998F3FB00104326 /* Authentication */ = {
			isa = PBXGroup;
			children = (
				ECEBBFD12998F40700104326 /* Views */,
				ECEBBFD22998F40E00104326 /* ViewModels */,
			);
			path = Authentication;
			sourceTree = "<group>";
		};
		ECEBBFD12998F40700104326 /* Views */ = {
			isa = PBXGroup;
			children = (
				ECFD63F4298E63AA00B576DA /* StartView.swift */,
				EC015091298BCEB500BAF650 /* LoginView.swift */,
				EC015093298BCEDB00BAF650 /* SignupView.swift */,
			);
			path = Views;
			sourceTree = "<group>";
		};
		ECEBBFD22998F40E00104326 /* ViewModels */ = {
			isa = PBXGroup;
			children = (
				EC180CB5298C387000671AA2 /* AuthViewModel.swift */,
			);
			path = ViewModels;
			sourceTree = "<group>";
		};
		ECEBBFD32998F43B00104326 /* Main */ = {
			isa = PBXGroup;
			children = (
				EC40027C29A91B3600CD1036 /* Views */,
				EC40027D29A91B3D00CD1036 /* ViewModels */,
			);
			path = Main;
			sourceTree = "<group>";
		};
		ECEBBFD62998F47D00104326 /* Feed */ = {
			isa = PBXGroup;
			children = (
				ECEBBFD82998F4A700104326 /* Views */,
				ECEBBFD72998F4A100104326 /* ViewModels */,
			);
			path = Feed;
			sourceTree = "<group>";
		};
		ECEBBFD72998F4A100104326 /* ViewModels */ = {
			isa = PBXGroup;
			children = (
				ECF669D12997A2E800855894 /* FeedViewModel.swift */,
				ECEBBFDF299920EE00104326 /* PostViewModel.swift */,
				EC49E90D29A393D1003AE346 /* CommentSectionViewModel.swift */,
				ECCDEFA929A3C30300034C76 /* CommentViewModel.swift */,
			);
			path = ViewModels;
			sourceTree = "<group>";
		};
		ECEBBFD82998F4A700104326 /* Views */ = {
			isa = PBXGroup;
			children = (
				EC67E32A299543B9002EBC2C /* FeedView.swift */,
				EC84911B2996ACC800DD2413 /* PostView.swift */,
				EC49E90B29A39399003AE346 /* CommentSectionView.swift */,
				ECCDEFA729A3C2C500034C76 /* CommentView.swift */,
				EC13277B299E3F760049F993 /* NewPostView.swift */,
			);
			path = Views;
			sourceTree = "<group>";
		};
		ECF669D32997C0C100855894 /* Frameworks */ = {
			isa = PBXGroup;
			children = (
			);
			name = Frameworks;
			sourceTree = "<group>";
		};
		ECF669D62997D5A800855894 /* Services */ = {
			isa = PBXGroup;
			children = (
				ECF669D72997D8FD00855894 /* UserService.swift */,
				ECF669D92997E08E00855894 /* PostService.swift */,
				EC49E91129A398FF003AE346 /* CommentService.swift */,
				EC40027829A9047A00CD1036 /* SessionService.swift */,
				EC6802B629AB767E0019EE18 /* StockService.swift */,
				EC6802C629ABD8110019EE18 /* NewsService.swift */,
				ECA41EF129B9F00600DA03DA /* ImageService.swift */,
			);
			path = Services;
			sourceTree = "<group>";
		};
/* End PBXGroup section */

/* Begin PBXNativeTarget section */
		EC90D613298ACED3001D4520 /* StockAnalyzer */ = {
			isa = PBXNativeTarget;
			buildConfigurationList = EC90D622298ACED5001D4520 /* Build configuration list for PBXNativeTarget "StockAnalyzer" */;
			buildPhases = (
				EC90D610298ACED3001D4520 /* Sources */,
				EC90D611298ACED3001D4520 /* Frameworks */,
				EC90D612298ACED3001D4520 /* Resources */,
			);
			buildRules = (
			);
			dependencies = (
			);
			name = StockAnalyzer;
			packageProductDependencies = (
				EC401132298BBE260033F54B /* FirebaseAnalytics */,
				EC401134298BBE260033F54B /* FirebaseAuth */,
				EC401138298BBE260033F54B /* FirebaseFirestore */,
				EC40113A298BBE260033F54B /* FirebaseFunctions */,
				ECF669D42997C0C100855894 /* FirebaseFirestoreSwift */,
				EC72691B29AD2EE3002FAB32 /* StockCharts */,
			);
			productName = StockAnalyzer;
			productReference = EC90D614298ACED3001D4520 /* StockAnalyzer.app */;
			productType = "com.apple.product-type.application";
		};
/* End PBXNativeTarget section */

/* Begin PBXProject section */
		EC90D60C298ACED3001D4520 /* Project object */ = {
			isa = PBXProject;
			attributes = {
				BuildIndependentTargetsInParallel = 1;
				LastSwiftUpdateCheck = 1400;
				LastUpgradeCheck = 1400;
				TargetAttributes = {
					EC90D613298ACED3001D4520 = {
						CreatedOnToolsVersion = 14.0.1;
					};
				};
			};
			buildConfigurationList = EC90D60F298ACED3001D4520 /* Build configuration list for PBXProject "StockAnalyzer" */;
			compatibilityVersion = "Xcode 14.0";
			developmentRegion = en;
			hasScannedForEncodings = 0;
			knownRegions = (
				en,
				Base,
			);
			mainGroup = EC90D60B298ACED3001D4520;
			packageReferences = (
				EC401131298BBE260033F54B /* XCRemoteSwiftPackageReference "firebase-ios-sdk" */,
				EC72691A29AD2EE2002FAB32 /* XCRemoteSwiftPackageReference "stock-charts" */,
			);
			productRefGroup = EC90D615298ACED3001D4520 /* Products */;
			projectDirPath = "";
			projectRoot = "";
			targets = (
				EC90D613298ACED3001D4520 /* StockAnalyzer */,
			);
		};
/* End PBXProject section */

/* Begin PBXResourcesBuildPhase section */
		EC90D612298ACED3001D4520 /* Resources */ = {
			isa = PBXResourcesBuildPhase;
			buildActionMask = 2147483647;
			files = (
				EC90D61F298ACED5001D4520 /* Preview Assets.xcassets in Resources */,
				EC90D61C298ACED5001D4520 /* Assets.xcassets in Resources */,
				EC401130298BBC260033F54B /* GoogleService-Info.plist in Resources */,
			);
			runOnlyForDeploymentPostprocessing = 0;
		};
/* End PBXResourcesBuildPhase section */

/* Begin PBXSourcesBuildPhase section */
		EC90D610298ACED3001D4520 /* Sources */ = {
			isa = PBXSourcesBuildPhase;
			buildActionMask = 2147483647;
			files = (
				ECA41EEC29B9EFB800DA03DA /* NewsRowView.swift in Sources */,
				EC6802B929AB8EDF0019EE18 /* StockView.swift in Sources */,
				EC015094298BCEDB00BAF650 /* SignupView.swift in Sources */,
				EC3CEAA929BB8F340048FADE /* HomeView.swift in Sources */,
				EC91726A299547EA00EA924D /* PortfolioView.swift in Sources */,
				ECF669D82997D8FD00855894 /* UserService.swift in Sources */,
				EC13277C299E3F760049F993 /* NewPostView.swift in Sources */,
				EC72691929AD2347002FAB32 /* ChartViewModel.swift in Sources */,
				EC6802BB29AB8FDF0019EE18 /* StockViewModel.swift in Sources */,
				EC67E32B299543B9002EBC2C /* FeedView.swift in Sources */,
				EC015092298BCEB500BAF650 /* LoginView.swift in Sources */,
				ECF669CE2996F3C400855894 /* User.swift in Sources */,
				EC8FA49E29C0FD12009CE80E /* PriceViewModel.swift in Sources */,
				ECF669D22997A2E800855894 /* FeedViewModel.swift in Sources */,
				ECC2615729C1DBFD00CE1B7C /* ApiKeys.swift in Sources */,
				EC49E91229A398FF003AE346 /* CommentService.swift in Sources */,
				EC6E627E29AA15270064110A /* News.swift in Sources */,
				EC1016F729B1006800DEE9E2 /* View.swift in Sources */,
				EC3CEAB129BB8F880048FADE /* HomeViewModel.swift in Sources */,
				EC180CB6298C387000671AA2 /* AuthViewModel.swift in Sources */,
				EC72691729AD2149002FAB32 /* ChartView.swift in Sources */,
				ECA41EF229B9F00600DA03DA /* ImageService.swift in Sources */,
				EC90D618298ACED3001D4520 /* StockAnalyzerApp.swift in Sources */,
				EC180CB8298C3EEE00671AA2 /* MainView.swift in Sources */,
				EC650B3A29BCDAF200D508D8 /* AboutView.swift in Sources */,
				ECA41EF029B9EFE600DA03DA /* NewsRowViewModel.swift in Sources */,
				EC0F60CC29BE457E00C982EE /* FeedBodyViewModel.swift in Sources */,
				EC49E90C29A3939A003AE346 /* CommentSectionView.swift in Sources */,
				EC6E627A29AA13210064110A /* NetworkingManager.swift in Sources */,
				EC6802C129ABA8420019EE18 /* LogoViewModel.swift in Sources */,
				ECF669CC2996F37900855894 /* Post.swift in Sources */,
				EC4CE36529B7ABC800F600CC /* SearchViewModel.swift in Sources */,
				ECCDEFA829A3C2C500034C76 /* CommentView.swift in Sources */,
				EC1016F529B0FBAB00DEE9E2 /* String.swift in Sources */,
				EC180CB4298C384D00671AA2 /* AuthenticationUser.swift in Sources */,
				EC917268299547DE00EA924D /* NewsView.swift in Sources */,
				EC4CE36729B7AE4900F600CC /* Search.swift in Sources */,
				EC40027929A9047A00CD1036 /* SessionService.swift in Sources */,
				ECA41EF429BA142000DA03DA /* Company.swift in Sources */,
				EC6802C729ABD8110019EE18 /* NewsService.swift in Sources */,
				ECFD63F5298E63AA00B576DA /* StartView.swift in Sources */,
				EC3CEAAD29BB8F550048FADE /* ValuationView.swift in Sources */,
				ECCDEFAA29A3C30300034C76 /* CommentViewModel.swift in Sources */,
				EC6E628029AA3A820064110A /* NewsViewModel.swift in Sources */,
				ECB0F05129B3561A002AF29C /* Double.swift in Sources */,
				EC3CEAAB29BB8F490048FADE /* FinancialView.swift in Sources */,
				ECF669DA2997E08E00855894 /* PostService.swift in Sources */,
				EC49E90E29A393D1003AE346 /* CommentSectionViewModel.swift in Sources */,
				EC91726C299547F600EA924D /* SearchView.swift in Sources */,
				EC49E91029A398A8003AE346 /* Comment.swift in Sources */,
				ECEBBFE0299920EE00104326 /* PostViewModel.swift in Sources */,
				EC6802B729AB767E0019EE18 /* StockService.swift in Sources */,
				EC8FA4A029C10D34009CE80E /* Price.swift in Sources */,
				ECB0F04F29B33D4A002AF29C /* Date.swift in Sources */,
				EC6802BF29ABA8310019EE18 /* LogoView.swift in Sources */,
				EC0F60CA29BE456F00C982EE /* FeedBodyView.swift in Sources */,
				EC8FA49C29C0FB5D009CE80E /* PriceView.swift in Sources */,
				EC84911C2996ACC800DD2413 /* PostView.swift in Sources */,
				EC91727029955E9500EA924D /* SettingsView.swift in Sources */,
				EC40027B29A91ADB00CD1036 /* SettingsViewModel.swift in Sources */,
			);
			runOnlyForDeploymentPostprocessing = 0;
		};
/* End PBXSourcesBuildPhase section */

/* Begin XCBuildConfiguration section */
		EC90D620298ACED5001D4520 /* Debug */ = {
			isa = XCBuildConfiguration;
			buildSettings = {
				ALWAYS_SEARCH_USER_PATHS = NO;
				CLANG_ANALYZER_NONNULL = YES;
				CLANG_ANALYZER_NUMBER_OBJECT_CONVERSION = YES_AGGRESSIVE;
				CLANG_CXX_LANGUAGE_STANDARD = "gnu++20";
				CLANG_ENABLE_MODULES = YES;
				CLANG_ENABLE_OBJC_ARC = YES;
				CLANG_ENABLE_OBJC_WEAK = YES;
				CLANG_WARN_BLOCK_CAPTURE_AUTORELEASING = YES;
				CLANG_WARN_BOOL_CONVERSION = YES;
				CLANG_WARN_COMMA = YES;
				CLANG_WARN_CONSTANT_CONVERSION = YES;
				CLANG_WARN_DEPRECATED_OBJC_IMPLEMENTATIONS = YES;
				CLANG_WARN_DIRECT_OBJC_ISA_USAGE = YES_ERROR;
				CLANG_WARN_DOCUMENTATION_COMMENTS = YES;
				CLANG_WARN_EMPTY_BODY = YES;
				CLANG_WARN_ENUM_CONVERSION = YES;
				CLANG_WARN_INFINITE_RECURSION = YES;
				CLANG_WARN_INT_CONVERSION = YES;
				CLANG_WARN_NON_LITERAL_NULL_CONVERSION = YES;
				CLANG_WARN_OBJC_IMPLICIT_RETAIN_SELF = YES;
				CLANG_WARN_OBJC_LITERAL_CONVERSION = YES;
				CLANG_WARN_OBJC_ROOT_CLASS = YES_ERROR;
				CLANG_WARN_QUOTED_INCLUDE_IN_FRAMEWORK_HEADER = YES;
				CLANG_WARN_RANGE_LOOP_ANALYSIS = YES;
				CLANG_WARN_STRICT_PROTOTYPES = YES;
				CLANG_WARN_SUSPICIOUS_MOVE = YES;
				CLANG_WARN_UNGUARDED_AVAILABILITY = YES_AGGRESSIVE;
				CLANG_WARN_UNREACHABLE_CODE = YES;
				CLANG_WARN__DUPLICATE_METHOD_MATCH = YES;
				COPY_PHASE_STRIP = NO;
				DEBUG_INFORMATION_FORMAT = dwarf;
				ENABLE_STRICT_OBJC_MSGSEND = YES;
				ENABLE_TESTABILITY = YES;
				GCC_C_LANGUAGE_STANDARD = gnu11;
				GCC_DYNAMIC_NO_PIC = NO;
				GCC_NO_COMMON_BLOCKS = YES;
				GCC_OPTIMIZATION_LEVEL = 0;
				GCC_PREPROCESSOR_DEFINITIONS = (
					"DEBUG=1",
					"$(inherited)",
				);
				GCC_WARN_64_TO_32_BIT_CONVERSION = YES;
				GCC_WARN_ABOUT_RETURN_TYPE = YES_ERROR;
				GCC_WARN_UNDECLARED_SELECTOR = YES;
				GCC_WARN_UNINITIALIZED_AUTOS = YES_AGGRESSIVE;
				GCC_WARN_UNUSED_FUNCTION = YES;
				GCC_WARN_UNUSED_VARIABLE = YES;
				IPHONEOS_DEPLOYMENT_TARGET = 16.0;
				MTL_ENABLE_DEBUG_INFO = INCLUDE_SOURCE;
				MTL_FAST_MATH = YES;
				ONLY_ACTIVE_ARCH = YES;
				SDKROOT = iphoneos;
				SWIFT_ACTIVE_COMPILATION_CONDITIONS = DEBUG;
				SWIFT_OPTIMIZATION_LEVEL = "-Onone";
			};
			name = Debug;
		};
		EC90D621298ACED5001D4520 /* Release */ = {
			isa = XCBuildConfiguration;
			buildSettings = {
				ALWAYS_SEARCH_USER_PATHS = NO;
				CLANG_ANALYZER_NONNULL = YES;
				CLANG_ANALYZER_NUMBER_OBJECT_CONVERSION = YES_AGGRESSIVE;
				CLANG_CXX_LANGUAGE_STANDARD = "gnu++20";
				CLANG_ENABLE_MODULES = YES;
				CLANG_ENABLE_OBJC_ARC = YES;
				CLANG_ENABLE_OBJC_WEAK = YES;
				CLANG_WARN_BLOCK_CAPTURE_AUTORELEASING = YES;
				CLANG_WARN_BOOL_CONVERSION = YES;
				CLANG_WARN_COMMA = YES;
				CLANG_WARN_CONSTANT_CONVERSION = YES;
				CLANG_WARN_DEPRECATED_OBJC_IMPLEMENTATIONS = YES;
				CLANG_WARN_DIRECT_OBJC_ISA_USAGE = YES_ERROR;
				CLANG_WARN_DOCUMENTATION_COMMENTS = YES;
				CLANG_WARN_EMPTY_BODY = YES;
				CLANG_WARN_ENUM_CONVERSION = YES;
				CLANG_WARN_INFINITE_RECURSION = YES;
				CLANG_WARN_INT_CONVERSION = YES;
				CLANG_WARN_NON_LITERAL_NULL_CONVERSION = YES;
				CLANG_WARN_OBJC_IMPLICIT_RETAIN_SELF = YES;
				CLANG_WARN_OBJC_LITERAL_CONVERSION = YES;
				CLANG_WARN_OBJC_ROOT_CLASS = YES_ERROR;
				CLANG_WARN_QUOTED_INCLUDE_IN_FRAMEWORK_HEADER = YES;
				CLANG_WARN_RANGE_LOOP_ANALYSIS = YES;
				CLANG_WARN_STRICT_PROTOTYPES = YES;
				CLANG_WARN_SUSPICIOUS_MOVE = YES;
				CLANG_WARN_UNGUARDED_AVAILABILITY = YES_AGGRESSIVE;
				CLANG_WARN_UNREACHABLE_CODE = YES;
				CLANG_WARN__DUPLICATE_METHOD_MATCH = YES;
				COPY_PHASE_STRIP = NO;
				DEBUG_INFORMATION_FORMAT = "dwarf-with-dsym";
				ENABLE_NS_ASSERTIONS = NO;
				ENABLE_STRICT_OBJC_MSGSEND = YES;
				GCC_C_LANGUAGE_STANDARD = gnu11;
				GCC_NO_COMMON_BLOCKS = YES;
				GCC_WARN_64_TO_32_BIT_CONVERSION = YES;
				GCC_WARN_ABOUT_RETURN_TYPE = YES_ERROR;
				GCC_WARN_UNDECLARED_SELECTOR = YES;
				GCC_WARN_UNINITIALIZED_AUTOS = YES_AGGRESSIVE;
				GCC_WARN_UNUSED_FUNCTION = YES;
				GCC_WARN_UNUSED_VARIABLE = YES;
				IPHONEOS_DEPLOYMENT_TARGET = 16.0;
				MTL_ENABLE_DEBUG_INFO = NO;
				MTL_FAST_MATH = YES;
				SDKROOT = iphoneos;
				SWIFT_COMPILATION_MODE = wholemodule;
				SWIFT_OPTIMIZATION_LEVEL = "-O";
				VALIDATE_PRODUCT = YES;
			};
			name = Release;
		};
		EC90D623298ACED5001D4520 /* Debug */ = {
			isa = XCBuildConfiguration;
			buildSettings = {
				ASSETCATALOG_COMPILER_APPICON_NAME = AppIcon;
				ASSETCATALOG_COMPILER_GLOBAL_ACCENT_COLOR_NAME = AccentColor;
				CODE_SIGN_ENTITLEMENTS = StockAnalyzer/StockAnalyzer.entitlements;
				CODE_SIGN_STYLE = Automatic;
				CURRENT_PROJECT_VERSION = 1;
				DEVELOPMENT_ASSET_PATHS = "\"StockAnalyzer/Preview Content\"";
				DEVELOPMENT_TEAM = BA8C9C22XU;
				ENABLE_PREVIEWS = YES;
				GENERATE_INFOPLIST_FILE = YES;
				INFOPLIST_KEY_UIApplicationSceneManifest_Generation = YES;
				INFOPLIST_KEY_UIApplicationSupportsIndirectInputEvents = YES;
				INFOPLIST_KEY_UILaunchScreen_Generation = YES;
				INFOPLIST_KEY_UIStatusBarStyle = "";
				INFOPLIST_KEY_UISupportedInterfaceOrientations = UIInterfaceOrientationPortrait;
				LD_RUNPATH_SEARCH_PATHS = (
					"$(inherited)",
					"@executable_path/Frameworks",
				);
				MARKETING_VERSION = 1.0;
				PRODUCT_BUNDLE_IDENTIFIER = com.david.StockAnalyzer;
				PRODUCT_NAME = "$(TARGET_NAME)";
				SWIFT_EMIT_LOC_STRINGS = YES;
				SWIFT_VERSION = 5.0;
				TARGETED_DEVICE_FAMILY = "1,2";
			};
			name = Debug;
		};
		EC90D624298ACED5001D4520 /* Release */ = {
			isa = XCBuildConfiguration;
			buildSettings = {
				ASSETCATALOG_COMPILER_APPICON_NAME = AppIcon;
				ASSETCATALOG_COMPILER_GLOBAL_ACCENT_COLOR_NAME = AccentColor;
				CODE_SIGN_ENTITLEMENTS = StockAnalyzer/StockAnalyzer.entitlements;
				CODE_SIGN_STYLE = Automatic;
				CURRENT_PROJECT_VERSION = 1;
				DEVELOPMENT_ASSET_PATHS = "\"StockAnalyzer/Preview Content\"";
				DEVELOPMENT_TEAM = BA8C9C22XU;
				ENABLE_PREVIEWS = YES;
				GENERATE_INFOPLIST_FILE = YES;
				INFOPLIST_KEY_UIApplicationSceneManifest_Generation = YES;
				INFOPLIST_KEY_UIApplicationSupportsIndirectInputEvents = YES;
				INFOPLIST_KEY_UILaunchScreen_Generation = YES;
				INFOPLIST_KEY_UIStatusBarStyle = "";
				INFOPLIST_KEY_UISupportedInterfaceOrientations = UIInterfaceOrientationPortrait;
				LD_RUNPATH_SEARCH_PATHS = (
					"$(inherited)",
					"@executable_path/Frameworks",
				);
				MARKETING_VERSION = 1.0;
				PRODUCT_BUNDLE_IDENTIFIER = com.david.StockAnalyzer;
				PRODUCT_NAME = "$(TARGET_NAME)";
				SWIFT_EMIT_LOC_STRINGS = YES;
				SWIFT_VERSION = 5.0;
				TARGETED_DEVICE_FAMILY = "1,2";
			};
			name = Release;
		};
/* End XCBuildConfiguration section */

/* Begin XCConfigurationList section */
		EC90D60F298ACED3001D4520 /* Build configuration list for PBXProject "StockAnalyzer" */ = {
			isa = XCConfigurationList;
			buildConfigurations = (
				EC90D620298ACED5001D4520 /* Debug */,
				EC90D621298ACED5001D4520 /* Release */,
			);
			defaultConfigurationIsVisible = 0;
			defaultConfigurationName = Release;
		};
		EC90D622298ACED5001D4520 /* Build configuration list for PBXNativeTarget "StockAnalyzer" */ = {
			isa = XCConfigurationList;
			buildConfigurations = (
				EC90D623298ACED5001D4520 /* Debug */,
				EC90D624298ACED5001D4520 /* Release */,
			);
			defaultConfigurationIsVisible = 0;
			defaultConfigurationName = Release;
		};
/* End XCConfigurationList section */

/* Begin XCRemoteSwiftPackageReference section */
		EC401131298BBE260033F54B /* XCRemoteSwiftPackageReference "firebase-ios-sdk" */ = {
			isa = XCRemoteSwiftPackageReference;
			repositoryURL = "https://github.com/firebase/firebase-ios-sdk";
			requirement = {
				kind = upToNextMajorVersion;
				minimumVersion = 9.0.0;
			};
		};
		EC72691A29AD2EE2002FAB32 /* XCRemoteSwiftPackageReference "stock-charts" */ = {
			isa = XCRemoteSwiftPackageReference;
			repositoryURL = "https://github.com/denniscmartin/stock-charts.git";
			requirement = {
				kind = upToNextMajorVersion;
				minimumVersion = 1.0.0;
			};
		};
/* End XCRemoteSwiftPackageReference section */

/* Begin XCSwiftPackageProductDependency section */
		EC401132298BBE260033F54B /* FirebaseAnalytics */ = {
			isa = XCSwiftPackageProductDependency;
			package = EC401131298BBE260033F54B /* XCRemoteSwiftPackageReference "firebase-ios-sdk" */;
			productName = FirebaseAnalytics;
		};
		EC401134298BBE260033F54B /* FirebaseAuth */ = {
			isa = XCSwiftPackageProductDependency;
			package = EC401131298BBE260033F54B /* XCRemoteSwiftPackageReference "firebase-ios-sdk" */;
			productName = FirebaseAuth;
		};
		EC401138298BBE260033F54B /* FirebaseFirestore */ = {
			isa = XCSwiftPackageProductDependency;
			package = EC401131298BBE260033F54B /* XCRemoteSwiftPackageReference "firebase-ios-sdk" */;
			productName = FirebaseFirestore;
		};
		EC40113A298BBE260033F54B /* FirebaseFunctions */ = {
			isa = XCSwiftPackageProductDependency;
			package = EC401131298BBE260033F54B /* XCRemoteSwiftPackageReference "firebase-ios-sdk" */;
			productName = FirebaseFunctions;
		};
		EC72691B29AD2EE3002FAB32 /* StockCharts */ = {
			isa = XCSwiftPackageProductDependency;
			package = EC72691A29AD2EE2002FAB32 /* XCRemoteSwiftPackageReference "stock-charts" */;
			productName = StockCharts;
		};
		ECF669D42997C0C100855894 /* FirebaseFirestoreSwift */ = {
			isa = XCSwiftPackageProductDependency;
			package = EC401131298BBE260033F54B /* XCRemoteSwiftPackageReference "firebase-ios-sdk" */;
			productName = FirebaseFirestoreSwift;
		};
/* End XCSwiftPackageProductDependency section */
	};
	rootObject = EC90D60C298ACED3001D4520 /* Project object */;
}
