// !$*UTF8*$!
{
	archiveVersion = 1;
	classes = {
	};
	objectVersion = 56;
	objects = {

/* Begin PBXBuildFile section */
		EC015092298BCEB500BAF650 /* SignInView.swift in Sources */ = {isa = PBXBuildFile; fileRef = EC015091298BCEB500BAF650 /* SignInView.swift */; };
		EC02CC6729DB48E70015690E /* PortfolioRowView.swift in Sources */ = {isa = PBXBuildFile; fileRef = EC02CC6629DB48E70015690E /* PortfolioRowView.swift */; };
		EC02CC6B29DB5C0B0015690E /* PortfolioViewModel.swift in Sources */ = {isa = PBXBuildFile; fileRef = EC02CC6A29DB5C0B0015690E /* PortfolioViewModel.swift */; };
		EC02CC6D29DB5C640015690E /* PortfolioService.swift in Sources */ = {isa = PBXBuildFile; fileRef = EC02CC6C29DB5C640015690E /* PortfolioService.swift */; };
		EC03FC2629DA1BA2000083F0 /* ValuationModel.swift in Sources */ = {isa = PBXBuildFile; fileRef = EC03FC2529DA1BA2000083F0 /* ValuationModel.swift */; };
		EC0C8A8129C4AA0300AAB674 /* FinancialViewModel.swift in Sources */ = {isa = PBXBuildFile; fileRef = EC0C8A8029C4AA0300AAB674 /* FinancialViewModel.swift */; };
		EC0F60CA29BE456F00C982EE /* FeedBodyView.swift in Sources */ = {isa = PBXBuildFile; fileRef = EC0F60C929BE456F00C982EE /* FeedBodyView.swift */; };
		EC1016F529B0FBAB00DEE9E2 /* String.swift in Sources */ = {isa = PBXBuildFile; fileRef = EC1016F429B0FBAB00DEE9E2 /* String.swift */; };
		EC13277C299E3F760049F993 /* NewPostView.swift in Sources */ = {isa = PBXBuildFile; fileRef = EC13277B299E3F760049F993 /* NewPostView.swift */; };
		EC180CB6298C387000671AA2 /* AuthViewModel.swift in Sources */ = {isa = PBXBuildFile; fileRef = EC180CB5298C387000671AA2 /* AuthViewModel.swift */; };
		EC180CB8298C3EEE00671AA2 /* MainView.swift in Sources */ = {isa = PBXBuildFile; fileRef = EC180CB7298C3EEE00671AA2 /* MainView.swift */; };
		EC222F9F29EA7E6500B48930 /* SearchService.swift in Sources */ = {isa = PBXBuildFile; fileRef = EC222F9E29EA7E6500B48930 /* SearchService.swift */; };
		EC22E86A29F185470043AA40 /* ChartService.swift in Sources */ = {isa = PBXBuildFile; fileRef = EC22E86929F185470043AA40 /* ChartService.swift */; };
		EC22E86E29F1AD580043AA40 /* ChartModel.swift in Sources */ = {isa = PBXBuildFile; fileRef = EC22E86D29F1AD580043AA40 /* ChartModel.swift */; };
		EC2688B729E7C4CD00FF3021 /* PositionViewModel.swift in Sources */ = {isa = PBXBuildFile; fileRef = EC2688B629E7C4CC00FF3021 /* PositionViewModel.swift */; };
		EC2880B929CCB3D700E4A085 /* FinanceModel.swift in Sources */ = {isa = PBXBuildFile; fileRef = EC2880B829CCB3D700E4A085 /* FinanceModel.swift */; };
		EC318E9E29F040B600CEA56B /* FirebaseStorage in Frameworks */ = {isa = PBXBuildFile; productRef = EC318E9D29F040B600CEA56B /* FirebaseStorage */; };
		EC330AAD29C76B5B009A0D30 /* ValuationViewModel.swift in Sources */ = {isa = PBXBuildFile; fileRef = EC330AAC29C76B5B009A0D30 /* ValuationViewModel.swift */; };
		EC34DEC929D065BC007DE20E /* PieSliceView.swift in Sources */ = {isa = PBXBuildFile; fileRef = EC34DEC829D065BC007DE20E /* PieSliceView.swift */; };
		EC3763D129FABB1000504D4A /* MockDatabase.swift in Sources */ = {isa = PBXBuildFile; fileRef = EC3763D029FABB1000504D4A /* MockDatabase.swift */; };
		EC3CEAA929BB8F340048FADE /* HomeView.swift in Sources */ = {isa = PBXBuildFile; fileRef = EC3CEAA829BB8F340048FADE /* HomeView.swift */; };
		EC3CEAAB29BB8F490048FADE /* FinancialView.swift in Sources */ = {isa = PBXBuildFile; fileRef = EC3CEAAA29BB8F490048FADE /* FinancialView.swift */; };
		EC3CEAAD29BB8F550048FADE /* ValuationView.swift in Sources */ = {isa = PBXBuildFile; fileRef = EC3CEAAC29BB8F550048FADE /* ValuationView.swift */; };
		EC3CEAB129BB8F880048FADE /* HomeViewModel.swift in Sources */ = {isa = PBXBuildFile; fileRef = EC3CEAB029BB8F880048FADE /* HomeViewModel.swift */; };
		EC40027929A9047A00CD1036 /* SessionService.swift in Sources */ = {isa = PBXBuildFile; fileRef = EC40027829A9047A00CD1036 /* SessionService.swift */; };
		EC40027B29A91ADB00CD1036 /* SettingsViewModel.swift in Sources */ = {isa = PBXBuildFile; fileRef = EC40027A29A91ADB00CD1036 /* SettingsViewModel.swift */; };
		EC401133298BBE260033F54B /* FirebaseAnalytics in Frameworks */ = {isa = PBXBuildFile; productRef = EC401132298BBE260033F54B /* FirebaseAnalytics */; };
		EC401135298BBE260033F54B /* FirebaseAuth in Frameworks */ = {isa = PBXBuildFile; productRef = EC401134298BBE260033F54B /* FirebaseAuth */; };
		EC401139298BBE260033F54B /* FirebaseFirestore in Frameworks */ = {isa = PBXBuildFile; productRef = EC401138298BBE260033F54B /* FirebaseFirestore */; };
		EC40113B298BBE260033F54B /* FirebaseFunctions in Frameworks */ = {isa = PBXBuildFile; productRef = EC40113A298BBE260033F54B /* FirebaseFunctions */; };
		EC49E90C29A3939A003AE346 /* CommentSectionView.swift in Sources */ = {isa = PBXBuildFile; fileRef = EC49E90B29A39399003AE346 /* CommentSectionView.swift */; };
		EC49E90E29A393D1003AE346 /* CommentSectionViewModel.swift in Sources */ = {isa = PBXBuildFile; fileRef = EC49E90D29A393D1003AE346 /* CommentSectionViewModel.swift */; };
		EC49E91029A398A8003AE346 /* CommentModel.swift in Sources */ = {isa = PBXBuildFile; fileRef = EC49E90F29A398A8003AE346 /* CommentModel.swift */; };
		EC49E91229A398FF003AE346 /* CommentService.swift in Sources */ = {isa = PBXBuildFile; fileRef = EC49E91129A398FF003AE346 /* CommentService.swift */; };
		EC4CE36529B7ABC800F600CC /* SearchViewModel.swift in Sources */ = {isa = PBXBuildFile; fileRef = EC4CE36429B7ABC800F600CC /* SearchViewModel.swift */; };
		EC4CE36729B7AE4900F600CC /* SearchModel.swift in Sources */ = {isa = PBXBuildFile; fileRef = EC4CE36629B7AE4900F600CC /* SearchModel.swift */; };
		EC63E14029EEF92500DA0A4C /* FinanceService.swift in Sources */ = {isa = PBXBuildFile; fileRef = EC63E13F29EEF92500DA0A4C /* FinanceService.swift */; };
		EC650B3A29BCDAF200D508D8 /* AboutView.swift in Sources */ = {isa = PBXBuildFile; fileRef = EC650B3929BCDAF200D508D8 /* AboutView.swift */; };
		EC67E32B299543B9002EBC2C /* FeedView.swift in Sources */ = {isa = PBXBuildFile; fileRef = EC67E32A299543B9002EBC2C /* FeedView.swift */; };
		EC6802B729AB767E0019EE18 /* StockService.swift in Sources */ = {isa = PBXBuildFile; fileRef = EC6802B629AB767E0019EE18 /* StockService.swift */; };
		EC6802B929AB8EDF0019EE18 /* StockView.swift in Sources */ = {isa = PBXBuildFile; fileRef = EC6802B829AB8EDF0019EE18 /* StockView.swift */; };
		EC6802BB29AB8FDF0019EE18 /* StockViewModel.swift in Sources */ = {isa = PBXBuildFile; fileRef = EC6802BA29AB8FDF0019EE18 /* StockViewModel.swift */; };
		EC6802BF29ABA8310019EE18 /* ImageView.swift in Sources */ = {isa = PBXBuildFile; fileRef = EC6802BE29ABA8310019EE18 /* ImageView.swift */; };
		EC6802C129ABA8420019EE18 /* ImageViewModel.swift in Sources */ = {isa = PBXBuildFile; fileRef = EC6802C029ABA8420019EE18 /* ImageViewModel.swift */; };
		EC6802C729ABD8110019EE18 /* NewsService.swift in Sources */ = {isa = PBXBuildFile; fileRef = EC6802C629ABD8110019EE18 /* NewsService.swift */; };
		EC6E627E29AA15270064110A /* NewsModel.swift in Sources */ = {isa = PBXBuildFile; fileRef = EC6E627D29AA15270064110A /* NewsModel.swift */; };
		EC6E628029AA3A820064110A /* NewsViewModel.swift in Sources */ = {isa = PBXBuildFile; fileRef = EC6E627F29AA3A820064110A /* NewsViewModel.swift */; };
		EC7088B629DC80290088941A /* NewAssetView.swift in Sources */ = {isa = PBXBuildFile; fileRef = EC7088B529DC80290088941A /* NewAssetView.swift */; };
		EC7088B829DC9C890088941A /* NewAssetViewModel.swift in Sources */ = {isa = PBXBuildFile; fileRef = EC7088B729DC9C890088941A /* NewAssetViewModel.swift */; };
		EC72691729AD2149002FAB32 /* ChartView.swift in Sources */ = {isa = PBXBuildFile; fileRef = EC72691629AD2149002FAB32 /* ChartView.swift */; };
		EC72691929AD2347002FAB32 /* ChartViewModel.swift in Sources */ = {isa = PBXBuildFile; fileRef = EC72691829AD2347002FAB32 /* ChartViewModel.swift */; };
		EC734CAE29CF07B700F295CB /* PieChartView.swift in Sources */ = {isa = PBXBuildFile; fileRef = EC734CAD29CF07B700F295CB /* PieChartView.swift */; };
		EC79D40329F2715F00DF900E /* BarChartViewModel.swift in Sources */ = {isa = PBXBuildFile; fileRef = EC79D40229F2715F00DF900E /* BarChartViewModel.swift */; };
		EC79D40529F273AD00DF900E /* GrowthRateView.swift in Sources */ = {isa = PBXBuildFile; fileRef = EC79D40429F273AD00DF900E /* GrowthRateView.swift */; };
		EC82004D29CB79140014E95C /* BarChartView.swift in Sources */ = {isa = PBXBuildFile; fileRef = EC82004C29CB79140014E95C /* BarChartView.swift */; };
		EC84911C2996ACC800DD2413 /* PostView.swift in Sources */ = {isa = PBXBuildFile; fileRef = EC84911B2996ACC800DD2413 /* PostView.swift */; };
		EC8FA49C29C0FB5D009CE80E /* PriceView.swift in Sources */ = {isa = PBXBuildFile; fileRef = EC8FA49B29C0FB5C009CE80E /* PriceView.swift */; };
		EC8FA49E29C0FD12009CE80E /* PriceViewModel.swift in Sources */ = {isa = PBXBuildFile; fileRef = EC8FA49D29C0FD12009CE80E /* PriceViewModel.swift */; };
		EC8FA4A029C10D34009CE80E /* PriceModel.swift in Sources */ = {isa = PBXBuildFile; fileRef = EC8FA49F29C10D34009CE80E /* PriceModel.swift */; };
		EC90D618298ACED3001D4520 /* StockAnalyzerApp.swift in Sources */ = {isa = PBXBuildFile; fileRef = EC90D617298ACED3001D4520 /* StockAnalyzerApp.swift */; };
		EC90D61C298ACED5001D4520 /* Assets.xcassets in Resources */ = {isa = PBXBuildFile; fileRef = EC90D61B298ACED5001D4520 /* Assets.xcassets */; };
		EC90D61F298ACED5001D4520 /* Preview Assets.xcassets in Resources */ = {isa = PBXBuildFile; fileRef = EC90D61E298ACED5001D4520 /* Preview Assets.xcassets */; };
		EC917268299547DE00EA924D /* NewsView.swift in Sources */ = {isa = PBXBuildFile; fileRef = EC917267299547DE00EA924D /* NewsView.swift */; };
		EC91726A299547EA00EA924D /* PortfolioView.swift in Sources */ = {isa = PBXBuildFile; fileRef = EC917269299547EA00EA924D /* PortfolioView.swift */; };
		EC91726C299547F600EA924D /* SearchView.swift in Sources */ = {isa = PBXBuildFile; fileRef = EC91726B299547F600EA924D /* SearchView.swift */; };
		EC91727029955E9500EA924D /* SettingsView.swift in Sources */ = {isa = PBXBuildFile; fileRef = EC91726F29955E9500EA924D /* SettingsView.swift */; };
		EC9216BD29E4252F004D06C9 /* AssetModel.swift in Sources */ = {isa = PBXBuildFile; fileRef = EC9216BC29E4252F004D06C9 /* AssetModel.swift */; };
		ECA41EEC29B9EFB800DA03DA /* NewsRowView.swift in Sources */ = {isa = PBXBuildFile; fileRef = ECA41EEB29B9EFB800DA03DA /* NewsRowView.swift */; };
		ECA41EF229B9F00600DA03DA /* ImageService.swift in Sources */ = {isa = PBXBuildFile; fileRef = ECA41EF129B9F00600DA03DA /* ImageService.swift */; };
		ECA41EF429BA142000DA03DA /* CompanyModel.swift in Sources */ = {isa = PBXBuildFile; fileRef = ECA41EF329BA142000DA03DA /* CompanyModel.swift */; };
		ECA933FD29C22B01003E60FE /* ExchangeModel.swift in Sources */ = {isa = PBXBuildFile; fileRef = ECA933FC29C22B01003E60FE /* ExchangeModel.swift */; };
		ECA9AE0E29F553CC00DDC19B /* AuthViewModel_Tests.swift in Sources */ = {isa = PBXBuildFile; fileRef = ECA9AE0D29F553CC00DDC19B /* AuthViewModel_Tests.swift */; };
		ECB0F04F29B33D4A002AF29C /* Date.swift in Sources */ = {isa = PBXBuildFile; fileRef = ECB0F04E29B33D4A002AF29C /* Date.swift */; };
		ECB0F05129B3561A002AF29C /* Double.swift in Sources */ = {isa = PBXBuildFile; fileRef = ECB0F05029B3561A002AF29C /* Double.swift */; };
		ECB59B8229F6EB0500CBE51D /* ImageViewModel_Tests.swift in Sources */ = {isa = PBXBuildFile; fileRef = ECB59B8129F6EB0500CBE51D /* ImageViewModel_Tests.swift */; };
		ECB59B8A29F6FA8400CBE51D /* FeedBodyViewModel_Tests.swift in Sources */ = {isa = PBXBuildFile; fileRef = ECB59B8929F6FA8400CBE51D /* FeedBodyViewModel_Tests.swift */; };
		ECB59B8C29F7077800CBE51D /* BarChartViewModel_Tests.swift in Sources */ = {isa = PBXBuildFile; fileRef = ECB59B8B29F7077800CBE51D /* BarChartViewModel_Tests.swift */; };
		ECB59B8E29F8045200CBE51D /* NewsRowViewModel_Tests.swift in Sources */ = {isa = PBXBuildFile; fileRef = ECB59B8D29F8045200CBE51D /* NewsRowViewModel_Tests.swift */; };
		ECB59B9029F80B9600CBE51D /* NewsViewModel_Tests.swift in Sources */ = {isa = PBXBuildFile; fileRef = ECB59B8F29F80B9600CBE51D /* NewsViewModel_Tests.swift */; };
		ECB59B9229F8155E00CBE51D /* SearchViewModel_Tests.swift in Sources */ = {isa = PBXBuildFile; fileRef = ECB59B9129F8155E00CBE51D /* SearchViewModel_Tests.swift */; };
		ECB59B9429F8505F00CBE51D /* FeedViewModel_Tests.swift in Sources */ = {isa = PBXBuildFile; fileRef = ECB59B9329F8505F00CBE51D /* FeedViewModel_Tests.swift */; };
		ECB59B9629F8524500CBE51D /* PostViewModel_Tests.swift in Sources */ = {isa = PBXBuildFile; fileRef = ECB59B9529F8524500CBE51D /* PostViewModel_Tests.swift */; };
		ECB80DE929F9558600910473 /* CommentSectionViewModel_Tests.swift in Sources */ = {isa = PBXBuildFile; fileRef = ECB80DE829F9558600910473 /* CommentSectionViewModel_Tests.swift */; };
		ECB80DEB29F95BBF00910473 /* CommentViewModel_Tests.swift in Sources */ = {isa = PBXBuildFile; fileRef = ECB80DEA29F95BBF00910473 /* CommentViewModel_Tests.swift */; };
		ECB80DED29F95E8C00910473 /* NewPostViewModel_Tests.swift in Sources */ = {isa = PBXBuildFile; fileRef = ECB80DEC29F95E8C00910473 /* NewPostViewModel_Tests.swift */; };
		ECB80DF729F97D3700910473 /* PortfolioViewModel_Tests.swift in Sources */ = {isa = PBXBuildFile; fileRef = ECB80DF629F97D3700910473 /* PortfolioViewModel_Tests.swift */; };
		ECB80DF929F9817300910473 /* PortfolioRowViewModel_Tests.swift in Sources */ = {isa = PBXBuildFile; fileRef = ECB80DF829F9817300910473 /* PortfolioRowViewModel_Tests.swift */; };
		ECB80DFB29F9922100910473 /* PositionViewModel_Tests.swift in Sources */ = {isa = PBXBuildFile; fileRef = ECB80DFA29F9922100910473 /* PositionViewModel_Tests.swift */; };
		ECB80DFD29F99E1A00910473 /* PositionRowViewModel_Tests.swift in Sources */ = {isa = PBXBuildFile; fileRef = ECB80DFC29F99E1A00910473 /* PositionRowViewModel_Tests.swift */; };
		ECB80DFF29F9C5DF00910473 /* NewCommentView.swift in Sources */ = {isa = PBXBuildFile; fileRef = ECB80DFE29F9C5DF00910473 /* NewCommentView.swift */; };
		ECB80E0129FA4B5500910473 /* NewAssetViewModel_Tests.swift in Sources */ = {isa = PBXBuildFile; fileRef = ECB80E0029FA4B5500910473 /* NewAssetViewModel_Tests.swift */; };
		ECB80E0329FA4FB100910473 /* StockViewModel_Tests.swift in Sources */ = {isa = PBXBuildFile; fileRef = ECB80E0229FA4FB100910473 /* StockViewModel_Tests.swift */; };
		ECB80E0529FA5C4600910473 /* PriceViewModel_Tests.swift in Sources */ = {isa = PBXBuildFile; fileRef = ECB80E0429FA5C4600910473 /* PriceViewModel_Tests.swift */; };
		ECB80E0729FA5DF700910473 /* HomeViewModel_Tests.swift in Sources */ = {isa = PBXBuildFile; fileRef = ECB80E0629FA5DF700910473 /* HomeViewModel_Tests.swift */; };
		ECB80E0929FA948700910473 /* FinancialViewModel_Test.swift in Sources */ = {isa = PBXBuildFile; fileRef = ECB80E0829FA948700910473 /* FinancialViewModel_Test.swift */; };
		ECB80E0B29FA984000910473 /* ValuationViewModel_Tests.swift in Sources */ = {isa = PBXBuildFile; fileRef = ECB80E0A29FA984000910473 /* ValuationViewModel_Tests.swift */; };
		ECB80E0D29FAA64F00910473 /* ChartViewModel_Tests.swift in Sources */ = {isa = PBXBuildFile; fileRef = ECB80E0C29FAA64F00910473 /* ChartViewModel_Tests.swift */; };
		ECC2615729C1DBFD00CE1B7C /* ApiKeys.swift in Sources */ = {isa = PBXBuildFile; fileRef = ECC2615629C1DBFD00CE1B7C /* ApiKeys.swift */; };
		ECC2615929C1E1C500CE1B7C /* GoogleService-Info.plist in Resources */ = {isa = PBXBuildFile; fileRef = ECC2615829C1E1C400CE1B7C /* GoogleService-Info.plist */; };
		ECCA34942A0D388100B0E775 /* SignUpView.swift in Sources */ = {isa = PBXBuildFile; fileRef = ECCA34932A0D388100B0E775 /* SignUpView.swift */; };
		ECCA34962A0D4DBA00B0E775 /* NewPostViewModel.swift in Sources */ = {isa = PBXBuildFile; fileRef = ECCA34952A0D4DBA00B0E775 /* NewPostViewModel.swift */; };
		ECCDEFA829A3C2C500034C76 /* CommentView.swift in Sources */ = {isa = PBXBuildFile; fileRef = ECCDEFA729A3C2C500034C76 /* CommentView.swift */; };
		ECCDEFAA29A3C30300034C76 /* CommentViewModel.swift in Sources */ = {isa = PBXBuildFile; fileRef = ECCDEFA929A3C30300034C76 /* CommentViewModel.swift */; };
		ECD264B629E532FF009F1C46 /* PortfolioRowViewModel.swift in Sources */ = {isa = PBXBuildFile; fileRef = ECD264B529E532FF009F1C46 /* PortfolioRowViewModel.swift */; };
		ECD854952A1A52ED00994408 /* Timestamp.swift in Sources */ = {isa = PBXBuildFile; fileRef = ECD854942A1A52ED00994408 /* Timestamp.swift */; };
		ECD854972A1A646A00994408 /* Int.swift in Sources */ = {isa = PBXBuildFile; fileRef = ECD854962A1A646A00994408 /* Int.swift */; };
		ECDAC4CD29E8754E001B46A9 /* PositionRowView.swift in Sources */ = {isa = PBXBuildFile; fileRef = ECDAC4CC29E8754E001B46A9 /* PositionRowView.swift */; };
		ECDAC4CF29E87662001B46A9 /* PositionRowViewModel.swift in Sources */ = {isa = PBXBuildFile; fileRef = ECDAC4CE29E87662001B46A9 /* PositionRowViewModel.swift */; };
		ECDBEAB329F59AC800ABA499 /* SettingsViewModel_Tests.swift in Sources */ = {isa = PBXBuildFile; fileRef = ECDBEAB229F59AC800ABA499 /* SettingsViewModel_Tests.swift */; };
		ECEBBFE0299920EE00104326 /* PostViewModel.swift in Sources */ = {isa = PBXBuildFile; fileRef = ECEBBFDF299920EE00104326 /* PostViewModel.swift */; };
		ECF2AF0E29E718FF008306CF /* PositionView.swift in Sources */ = {isa = PBXBuildFile; fileRef = ECF2AF0D29E718FF008306CF /* PositionView.swift */; };
		ECF669CC2996F37900855894 /* PostModel.swift in Sources */ = {isa = PBXBuildFile; fileRef = ECF669CB2996F37900855894 /* PostModel.swift */; };
		ECF669CE2996F3C400855894 /* UserModel.swift in Sources */ = {isa = PBXBuildFile; fileRef = ECF669CD2996F3C400855894 /* UserModel.swift */; };
		ECF669D22997A2E800855894 /* FeedViewModel.swift in Sources */ = {isa = PBXBuildFile; fileRef = ECF669D12997A2E800855894 /* FeedViewModel.swift */; };
		ECF669D52997C0C100855894 /* FirebaseFirestoreSwift in Frameworks */ = {isa = PBXBuildFile; productRef = ECF669D42997C0C100855894 /* FirebaseFirestoreSwift */; settings = {ATTRIBUTES = (Required, ); }; };
		ECF669D82997D8FD00855894 /* UserService.swift in Sources */ = {isa = PBXBuildFile; fileRef = ECF669D72997D8FD00855894 /* UserService.swift */; };
		ECF669DA2997E08E00855894 /* PostService.swift in Sources */ = {isa = PBXBuildFile; fileRef = ECF669D92997E08E00855894 /* PostService.swift */; };
		ECFD63F5298E63AA00B576DA /* AuthView.swift in Sources */ = {isa = PBXBuildFile; fileRef = ECFD63F4298E63AA00B576DA /* AuthView.swift */; };
/* End PBXBuildFile section */

/* Begin PBXContainerItemProxy section */
		ECA9AE0829F541C100DDC19B /* PBXContainerItemProxy */ = {
			isa = PBXContainerItemProxy;
			containerPortal = EC90D60C298ACED3001D4520 /* Project object */;
			proxyType = 1;
			remoteGlobalIDString = EC90D613298ACED3001D4520;
			remoteInfo = StockAnalyzer;
		};
		ECDBEAAD29F59A3900ABA499 /* PBXContainerItemProxy */ = {
			isa = PBXContainerItemProxy;
			containerPortal = EC90D60C298ACED3001D4520 /* Project object */;
			proxyType = 1;
			remoteGlobalIDString = EC90D613298ACED3001D4520;
			remoteInfo = StockAnalyzer;
		};
/* End PBXContainerItemProxy section */

/* Begin PBXFileReference section */
		EC015091298BCEB500BAF650 /* SignInView.swift */ = {isa = PBXFileReference; lastKnownFileType = sourcecode.swift; path = SignInView.swift; sourceTree = "<group>"; };
		EC02CC6629DB48E70015690E /* PortfolioRowView.swift */ = {isa = PBXFileReference; lastKnownFileType = sourcecode.swift; path = PortfolioRowView.swift; sourceTree = "<group>"; };
		EC02CC6A29DB5C0B0015690E /* PortfolioViewModel.swift */ = {isa = PBXFileReference; lastKnownFileType = sourcecode.swift; path = PortfolioViewModel.swift; sourceTree = "<group>"; };
		EC02CC6C29DB5C640015690E /* PortfolioService.swift */ = {isa = PBXFileReference; lastKnownFileType = sourcecode.swift; path = PortfolioService.swift; sourceTree = "<group>"; };
		EC03FC2529DA1BA2000083F0 /* ValuationModel.swift */ = {isa = PBXFileReference; lastKnownFileType = sourcecode.swift; path = ValuationModel.swift; sourceTree = "<group>"; };
		EC0C8A8029C4AA0300AAB674 /* FinancialViewModel.swift */ = {isa = PBXFileReference; lastKnownFileType = sourcecode.swift; path = FinancialViewModel.swift; sourceTree = "<group>"; };
		EC0F60C929BE456F00C982EE /* FeedBodyView.swift */ = {isa = PBXFileReference; lastKnownFileType = sourcecode.swift; path = FeedBodyView.swift; sourceTree = "<group>"; };
		EC1016F429B0FBAB00DEE9E2 /* String.swift */ = {isa = PBXFileReference; lastKnownFileType = sourcecode.swift; path = String.swift; sourceTree = "<group>"; };
		EC13277B299E3F760049F993 /* NewPostView.swift */ = {isa = PBXFileReference; lastKnownFileType = sourcecode.swift; path = NewPostView.swift; sourceTree = "<group>"; };
		EC180CB5298C387000671AA2 /* AuthViewModel.swift */ = {isa = PBXFileReference; lastKnownFileType = sourcecode.swift; path = AuthViewModel.swift; sourceTree = "<group>"; };
		EC180CB7298C3EEE00671AA2 /* MainView.swift */ = {isa = PBXFileReference; lastKnownFileType = sourcecode.swift; path = MainView.swift; sourceTree = "<group>"; };
		EC222F9E29EA7E6500B48930 /* SearchService.swift */ = {isa = PBXFileReference; lastKnownFileType = sourcecode.swift; path = SearchService.swift; sourceTree = "<group>"; };
		EC22E86929F185470043AA40 /* ChartService.swift */ = {isa = PBXFileReference; lastKnownFileType = sourcecode.swift; path = ChartService.swift; sourceTree = "<group>"; };
		EC22E86D29F1AD580043AA40 /* ChartModel.swift */ = {isa = PBXFileReference; lastKnownFileType = sourcecode.swift; path = ChartModel.swift; sourceTree = "<group>"; };
		EC2688B629E7C4CC00FF3021 /* PositionViewModel.swift */ = {isa = PBXFileReference; lastKnownFileType = sourcecode.swift; path = PositionViewModel.swift; sourceTree = "<group>"; };
		EC2880B829CCB3D700E4A085 /* FinanceModel.swift */ = {isa = PBXFileReference; lastKnownFileType = sourcecode.swift; path = FinanceModel.swift; sourceTree = "<group>"; };
		EC330AAC29C76B5B009A0D30 /* ValuationViewModel.swift */ = {isa = PBXFileReference; lastKnownFileType = sourcecode.swift; path = ValuationViewModel.swift; sourceTree = "<group>"; };
		EC34DEC829D065BC007DE20E /* PieSliceView.swift */ = {isa = PBXFileReference; lastKnownFileType = sourcecode.swift; path = PieSliceView.swift; sourceTree = "<group>"; };
		EC3763D029FABB1000504D4A /* MockDatabase.swift */ = {isa = PBXFileReference; lastKnownFileType = sourcecode.swift; path = MockDatabase.swift; sourceTree = "<group>"; };
		EC3CEAA829BB8F340048FADE /* HomeView.swift */ = {isa = PBXFileReference; lastKnownFileType = sourcecode.swift; path = HomeView.swift; sourceTree = "<group>"; };
		EC3CEAAA29BB8F490048FADE /* FinancialView.swift */ = {isa = PBXFileReference; lastKnownFileType = sourcecode.swift; path = FinancialView.swift; sourceTree = "<group>"; };
		EC3CEAAC29BB8F550048FADE /* ValuationView.swift */ = {isa = PBXFileReference; lastKnownFileType = sourcecode.swift; path = ValuationView.swift; sourceTree = "<group>"; };
		EC3CEAB029BB8F880048FADE /* HomeViewModel.swift */ = {isa = PBXFileReference; lastKnownFileType = sourcecode.swift; path = HomeViewModel.swift; sourceTree = "<group>"; };
		EC40027829A9047A00CD1036 /* SessionService.swift */ = {isa = PBXFileReference; lastKnownFileType = sourcecode.swift; path = SessionService.swift; sourceTree = "<group>"; };
		EC40027A29A91ADB00CD1036 /* SettingsViewModel.swift */ = {isa = PBXFileReference; lastKnownFileType = sourcecode.swift; path = SettingsViewModel.swift; sourceTree = "<group>"; };
		EC49E90B29A39399003AE346 /* CommentSectionView.swift */ = {isa = PBXFileReference; lastKnownFileType = sourcecode.swift; path = CommentSectionView.swift; sourceTree = "<group>"; };
		EC49E90D29A393D1003AE346 /* CommentSectionViewModel.swift */ = {isa = PBXFileReference; lastKnownFileType = sourcecode.swift; path = CommentSectionViewModel.swift; sourceTree = "<group>"; };
		EC49E90F29A398A8003AE346 /* CommentModel.swift */ = {isa = PBXFileReference; lastKnownFileType = sourcecode.swift; path = CommentModel.swift; sourceTree = "<group>"; };
		EC49E91129A398FF003AE346 /* CommentService.swift */ = {isa = PBXFileReference; lastKnownFileType = sourcecode.swift; path = CommentService.swift; sourceTree = "<group>"; };
		EC4CE36429B7ABC800F600CC /* SearchViewModel.swift */ = {isa = PBXFileReference; lastKnownFileType = sourcecode.swift; path = SearchViewModel.swift; sourceTree = "<group>"; };
		EC4CE36629B7AE4900F600CC /* SearchModel.swift */ = {isa = PBXFileReference; lastKnownFileType = sourcecode.swift; path = SearchModel.swift; sourceTree = "<group>"; };
		EC63E13F29EEF92500DA0A4C /* FinanceService.swift */ = {isa = PBXFileReference; lastKnownFileType = sourcecode.swift; path = FinanceService.swift; sourceTree = "<group>"; };
		EC650B3929BCDAF200D508D8 /* AboutView.swift */ = {isa = PBXFileReference; lastKnownFileType = sourcecode.swift; path = AboutView.swift; sourceTree = "<group>"; };
		EC67E32A299543B9002EBC2C /* FeedView.swift */ = {isa = PBXFileReference; lastKnownFileType = sourcecode.swift; path = FeedView.swift; sourceTree = "<group>"; };
		EC6802B629AB767E0019EE18 /* StockService.swift */ = {isa = PBXFileReference; lastKnownFileType = sourcecode.swift; path = StockService.swift; sourceTree = "<group>"; };
		EC6802B829AB8EDF0019EE18 /* StockView.swift */ = {isa = PBXFileReference; lastKnownFileType = sourcecode.swift; path = StockView.swift; sourceTree = "<group>"; };
		EC6802BA29AB8FDF0019EE18 /* StockViewModel.swift */ = {isa = PBXFileReference; lastKnownFileType = sourcecode.swift; path = StockViewModel.swift; sourceTree = "<group>"; };
		EC6802BE29ABA8310019EE18 /* ImageView.swift */ = {isa = PBXFileReference; lastKnownFileType = sourcecode.swift; path = ImageView.swift; sourceTree = "<group>"; };
		EC6802C029ABA8420019EE18 /* ImageViewModel.swift */ = {isa = PBXFileReference; lastKnownFileType = sourcecode.swift; path = ImageViewModel.swift; sourceTree = "<group>"; };
		EC6802C629ABD8110019EE18 /* NewsService.swift */ = {isa = PBXFileReference; lastKnownFileType = sourcecode.swift; path = NewsService.swift; sourceTree = "<group>"; };
		EC6E627D29AA15270064110A /* NewsModel.swift */ = {isa = PBXFileReference; lastKnownFileType = sourcecode.swift; path = NewsModel.swift; sourceTree = "<group>"; };
		EC6E627F29AA3A820064110A /* NewsViewModel.swift */ = {isa = PBXFileReference; lastKnownFileType = sourcecode.swift; path = NewsViewModel.swift; sourceTree = "<group>"; };
		EC7088B529DC80290088941A /* NewAssetView.swift */ = {isa = PBXFileReference; lastKnownFileType = sourcecode.swift; path = NewAssetView.swift; sourceTree = "<group>"; };
		EC7088B729DC9C890088941A /* NewAssetViewModel.swift */ = {isa = PBXFileReference; lastKnownFileType = sourcecode.swift; path = NewAssetViewModel.swift; sourceTree = "<group>"; };
		EC72691629AD2149002FAB32 /* ChartView.swift */ = {isa = PBXFileReference; lastKnownFileType = sourcecode.swift; path = ChartView.swift; sourceTree = "<group>"; };
		EC72691829AD2347002FAB32 /* ChartViewModel.swift */ = {isa = PBXFileReference; lastKnownFileType = sourcecode.swift; path = ChartViewModel.swift; sourceTree = "<group>"; };
		EC734CAD29CF07B700F295CB /* PieChartView.swift */ = {isa = PBXFileReference; lastKnownFileType = sourcecode.swift; path = PieChartView.swift; sourceTree = "<group>"; };
		EC79D40229F2715F00DF900E /* BarChartViewModel.swift */ = {isa = PBXFileReference; lastKnownFileType = sourcecode.swift; path = BarChartViewModel.swift; sourceTree = "<group>"; };
		EC79D40429F273AD00DF900E /* GrowthRateView.swift */ = {isa = PBXFileReference; lastKnownFileType = sourcecode.swift; path = GrowthRateView.swift; sourceTree = "<group>"; };
		EC82004C29CB79140014E95C /* BarChartView.swift */ = {isa = PBXFileReference; lastKnownFileType = sourcecode.swift; path = BarChartView.swift; sourceTree = "<group>"; };
		EC84911B2996ACC800DD2413 /* PostView.swift */ = {isa = PBXFileReference; lastKnownFileType = sourcecode.swift; path = PostView.swift; sourceTree = "<group>"; };
		EC8FA49B29C0FB5C009CE80E /* PriceView.swift */ = {isa = PBXFileReference; lastKnownFileType = sourcecode.swift; path = PriceView.swift; sourceTree = "<group>"; };
		EC8FA49D29C0FD12009CE80E /* PriceViewModel.swift */ = {isa = PBXFileReference; lastKnownFileType = sourcecode.swift; path = PriceViewModel.swift; sourceTree = "<group>"; };
		EC8FA49F29C10D34009CE80E /* PriceModel.swift */ = {isa = PBXFileReference; lastKnownFileType = sourcecode.swift; path = PriceModel.swift; sourceTree = "<group>"; };
		EC90D614298ACED3001D4520 /* StockAnalyzer.app */ = {isa = PBXFileReference; explicitFileType = wrapper.application; includeInIndex = 0; path = StockAnalyzer.app; sourceTree = BUILT_PRODUCTS_DIR; };
		EC90D617298ACED3001D4520 /* StockAnalyzerApp.swift */ = {isa = PBXFileReference; lastKnownFileType = sourcecode.swift; path = StockAnalyzerApp.swift; sourceTree = "<group>"; };
		EC90D61B298ACED5001D4520 /* Assets.xcassets */ = {isa = PBXFileReference; lastKnownFileType = folder.assetcatalog; path = Assets.xcassets; sourceTree = "<group>"; };
		EC90D61E298ACED5001D4520 /* Preview Assets.xcassets */ = {isa = PBXFileReference; lastKnownFileType = folder.assetcatalog; path = "Preview Assets.xcassets"; sourceTree = "<group>"; };
		EC917267299547DE00EA924D /* NewsView.swift */ = {isa = PBXFileReference; lastKnownFileType = sourcecode.swift; path = NewsView.swift; sourceTree = "<group>"; };
		EC917269299547EA00EA924D /* PortfolioView.swift */ = {isa = PBXFileReference; lastKnownFileType = sourcecode.swift; path = PortfolioView.swift; sourceTree = "<group>"; };
		EC91726B299547F600EA924D /* SearchView.swift */ = {isa = PBXFileReference; lastKnownFileType = sourcecode.swift; path = SearchView.swift; sourceTree = "<group>"; };
		EC91726F29955E9500EA924D /* SettingsView.swift */ = {isa = PBXFileReference; lastKnownFileType = sourcecode.swift; path = SettingsView.swift; sourceTree = "<group>"; };
		EC9216BC29E4252F004D06C9 /* AssetModel.swift */ = {isa = PBXFileReference; lastKnownFileType = sourcecode.swift; path = AssetModel.swift; sourceTree = "<group>"; };
		ECA1BE60298D3077005AA585 /* StockAnalyzer.entitlements */ = {isa = PBXFileReference; lastKnownFileType = text.plist.entitlements; path = StockAnalyzer.entitlements; sourceTree = "<group>"; };
		ECA41EEB29B9EFB800DA03DA /* NewsRowView.swift */ = {isa = PBXFileReference; lastKnownFileType = sourcecode.swift; path = NewsRowView.swift; sourceTree = "<group>"; };
		ECA41EF129B9F00600DA03DA /* ImageService.swift */ = {isa = PBXFileReference; lastKnownFileType = sourcecode.swift; path = ImageService.swift; sourceTree = "<group>"; };
		ECA41EF329BA142000DA03DA /* CompanyModel.swift */ = {isa = PBXFileReference; lastKnownFileType = sourcecode.swift; path = CompanyModel.swift; sourceTree = "<group>"; };
		ECA933FC29C22B01003E60FE /* ExchangeModel.swift */ = {isa = PBXFileReference; lastKnownFileType = sourcecode.swift; path = ExchangeModel.swift; sourceTree = "<group>"; };
		ECA9AE0429F541C100DDC19B /* StockAnalyzer_Tests.xctest */ = {isa = PBXFileReference; explicitFileType = wrapper.cfbundle; includeInIndex = 0; path = StockAnalyzer_Tests.xctest; sourceTree = BUILT_PRODUCTS_DIR; };
		ECA9AE0D29F553CC00DDC19B /* AuthViewModel_Tests.swift */ = {isa = PBXFileReference; lastKnownFileType = sourcecode.swift; path = AuthViewModel_Tests.swift; sourceTree = "<group>"; };
		ECB0F04E29B33D4A002AF29C /* Date.swift */ = {isa = PBXFileReference; lastKnownFileType = sourcecode.swift; path = Date.swift; sourceTree = "<group>"; };
		ECB0F05029B3561A002AF29C /* Double.swift */ = {isa = PBXFileReference; lastKnownFileType = sourcecode.swift; path = Double.swift; sourceTree = "<group>"; };
		ECB59B8129F6EB0500CBE51D /* ImageViewModel_Tests.swift */ = {isa = PBXFileReference; lastKnownFileType = sourcecode.swift; path = ImageViewModel_Tests.swift; sourceTree = "<group>"; };
		ECB59B8929F6FA8400CBE51D /* FeedBodyViewModel_Tests.swift */ = {isa = PBXFileReference; lastKnownFileType = sourcecode.swift; path = FeedBodyViewModel_Tests.swift; sourceTree = "<group>"; };
		ECB59B8B29F7077800CBE51D /* BarChartViewModel_Tests.swift */ = {isa = PBXFileReference; lastKnownFileType = sourcecode.swift; path = BarChartViewModel_Tests.swift; sourceTree = "<group>"; };
		ECB59B8D29F8045200CBE51D /* NewsRowViewModel_Tests.swift */ = {isa = PBXFileReference; lastKnownFileType = sourcecode.swift; path = NewsRowViewModel_Tests.swift; sourceTree = "<group>"; };
		ECB59B8F29F80B9600CBE51D /* NewsViewModel_Tests.swift */ = {isa = PBXFileReference; lastKnownFileType = sourcecode.swift; path = NewsViewModel_Tests.swift; sourceTree = "<group>"; };
		ECB59B9129F8155E00CBE51D /* SearchViewModel_Tests.swift */ = {isa = PBXFileReference; lastKnownFileType = sourcecode.swift; path = SearchViewModel_Tests.swift; sourceTree = "<group>"; };
		ECB59B9329F8505F00CBE51D /* FeedViewModel_Tests.swift */ = {isa = PBXFileReference; lastKnownFileType = sourcecode.swift; path = FeedViewModel_Tests.swift; sourceTree = "<group>"; };
		ECB59B9529F8524500CBE51D /* PostViewModel_Tests.swift */ = {isa = PBXFileReference; lastKnownFileType = sourcecode.swift; path = PostViewModel_Tests.swift; sourceTree = "<group>"; };
		ECB80DE829F9558600910473 /* CommentSectionViewModel_Tests.swift */ = {isa = PBXFileReference; lastKnownFileType = sourcecode.swift; path = CommentSectionViewModel_Tests.swift; sourceTree = "<group>"; };
		ECB80DEA29F95BBF00910473 /* CommentViewModel_Tests.swift */ = {isa = PBXFileReference; lastKnownFileType = sourcecode.swift; path = CommentViewModel_Tests.swift; sourceTree = "<group>"; };
		ECB80DEC29F95E8C00910473 /* NewPostViewModel_Tests.swift */ = {isa = PBXFileReference; lastKnownFileType = sourcecode.swift; path = NewPostViewModel_Tests.swift; sourceTree = "<group>"; };
		ECB80DF629F97D3700910473 /* PortfolioViewModel_Tests.swift */ = {isa = PBXFileReference; lastKnownFileType = sourcecode.swift; path = PortfolioViewModel_Tests.swift; sourceTree = "<group>"; };
		ECB80DF829F9817300910473 /* PortfolioRowViewModel_Tests.swift */ = {isa = PBXFileReference; lastKnownFileType = sourcecode.swift; path = PortfolioRowViewModel_Tests.swift; sourceTree = "<group>"; };
		ECB80DFA29F9922100910473 /* PositionViewModel_Tests.swift */ = {isa = PBXFileReference; lastKnownFileType = sourcecode.swift; path = PositionViewModel_Tests.swift; sourceTree = "<group>"; };
		ECB80DFC29F99E1A00910473 /* PositionRowViewModel_Tests.swift */ = {isa = PBXFileReference; lastKnownFileType = sourcecode.swift; path = PositionRowViewModel_Tests.swift; sourceTree = "<group>"; };
		ECB80DFE29F9C5DF00910473 /* NewCommentView.swift */ = {isa = PBXFileReference; lastKnownFileType = sourcecode.swift; path = NewCommentView.swift; sourceTree = "<group>"; };
		ECB80E0029FA4B5500910473 /* NewAssetViewModel_Tests.swift */ = {isa = PBXFileReference; lastKnownFileType = sourcecode.swift; path = NewAssetViewModel_Tests.swift; sourceTree = "<group>"; };
		ECB80E0229FA4FB100910473 /* StockViewModel_Tests.swift */ = {isa = PBXFileReference; lastKnownFileType = sourcecode.swift; path = StockViewModel_Tests.swift; sourceTree = "<group>"; };
		ECB80E0429FA5C4600910473 /* PriceViewModel_Tests.swift */ = {isa = PBXFileReference; lastKnownFileType = sourcecode.swift; path = PriceViewModel_Tests.swift; sourceTree = "<group>"; };
		ECB80E0629FA5DF700910473 /* HomeViewModel_Tests.swift */ = {isa = PBXFileReference; lastKnownFileType = sourcecode.swift; path = HomeViewModel_Tests.swift; sourceTree = "<group>"; };
		ECB80E0829FA948700910473 /* FinancialViewModel_Test.swift */ = {isa = PBXFileReference; lastKnownFileType = sourcecode.swift; path = FinancialViewModel_Test.swift; sourceTree = "<group>"; };
		ECB80E0A29FA984000910473 /* ValuationViewModel_Tests.swift */ = {isa = PBXFileReference; lastKnownFileType = sourcecode.swift; path = ValuationViewModel_Tests.swift; sourceTree = "<group>"; };
		ECB80E0C29FAA64F00910473 /* ChartViewModel_Tests.swift */ = {isa = PBXFileReference; lastKnownFileType = sourcecode.swift; path = ChartViewModel_Tests.swift; sourceTree = "<group>"; };
		ECC2615629C1DBFD00CE1B7C /* ApiKeys.swift */ = {isa = PBXFileReference; lastKnownFileType = sourcecode.swift; path = ApiKeys.swift; sourceTree = "<group>"; };
		ECC2615829C1E1C400CE1B7C /* GoogleService-Info.plist */ = {isa = PBXFileReference; fileEncoding = 4; lastKnownFileType = text.plist.xml; path = "GoogleService-Info.plist"; sourceTree = "<group>"; };
		ECCA34932A0D388100B0E775 /* SignUpView.swift */ = {isa = PBXFileReference; lastKnownFileType = sourcecode.swift; path = SignUpView.swift; sourceTree = "<group>"; };
		ECCA34952A0D4DBA00B0E775 /* NewPostViewModel.swift */ = {isa = PBXFileReference; lastKnownFileType = sourcecode.swift; path = NewPostViewModel.swift; sourceTree = "<group>"; };
		ECCDEFA729A3C2C500034C76 /* CommentView.swift */ = {isa = PBXFileReference; lastKnownFileType = sourcecode.swift; path = CommentView.swift; sourceTree = "<group>"; };
		ECCDEFA929A3C30300034C76 /* CommentViewModel.swift */ = {isa = PBXFileReference; lastKnownFileType = sourcecode.swift; path = CommentViewModel.swift; sourceTree = "<group>"; };
		ECD264B529E532FF009F1C46 /* PortfolioRowViewModel.swift */ = {isa = PBXFileReference; lastKnownFileType = sourcecode.swift; path = PortfolioRowViewModel.swift; sourceTree = "<group>"; };
		ECD854942A1A52ED00994408 /* Timestamp.swift */ = {isa = PBXFileReference; lastKnownFileType = sourcecode.swift; path = Timestamp.swift; sourceTree = "<group>"; };
		ECD854962A1A646A00994408 /* Int.swift */ = {isa = PBXFileReference; lastKnownFileType = sourcecode.swift; path = Int.swift; sourceTree = "<group>"; };
		ECDAC4CC29E8754E001B46A9 /* PositionRowView.swift */ = {isa = PBXFileReference; lastKnownFileType = sourcecode.swift; path = PositionRowView.swift; sourceTree = "<group>"; };
		ECDAC4CE29E87662001B46A9 /* PositionRowViewModel.swift */ = {isa = PBXFileReference; lastKnownFileType = sourcecode.swift; path = PositionRowViewModel.swift; sourceTree = "<group>"; };
		ECDBEAA729F59A3900ABA499 /* StockAnalyzer_UITests.xctest */ = {isa = PBXFileReference; explicitFileType = wrapper.cfbundle; includeInIndex = 0; path = StockAnalyzer_UITests.xctest; sourceTree = BUILT_PRODUCTS_DIR; };
		ECDBEAB229F59AC800ABA499 /* SettingsViewModel_Tests.swift */ = {isa = PBXFileReference; lastKnownFileType = sourcecode.swift; path = SettingsViewModel_Tests.swift; sourceTree = "<group>"; };
		ECEBBFDF299920EE00104326 /* PostViewModel.swift */ = {isa = PBXFileReference; lastKnownFileType = sourcecode.swift; path = PostViewModel.swift; sourceTree = "<group>"; };
		ECF2AF0D29E718FF008306CF /* PositionView.swift */ = {isa = PBXFileReference; lastKnownFileType = sourcecode.swift; path = PositionView.swift; sourceTree = "<group>"; };
		ECF669CB2996F37900855894 /* PostModel.swift */ = {isa = PBXFileReference; lastKnownFileType = sourcecode.swift; path = PostModel.swift; sourceTree = "<group>"; };
		ECF669CD2996F3C400855894 /* UserModel.swift */ = {isa = PBXFileReference; lastKnownFileType = sourcecode.swift; path = UserModel.swift; sourceTree = "<group>"; };
		ECF669D12997A2E800855894 /* FeedViewModel.swift */ = {isa = PBXFileReference; lastKnownFileType = sourcecode.swift; path = FeedViewModel.swift; sourceTree = "<group>"; };
		ECF669D72997D8FD00855894 /* UserService.swift */ = {isa = PBXFileReference; lastKnownFileType = sourcecode.swift; path = UserService.swift; sourceTree = "<group>"; };
		ECF669D92997E08E00855894 /* PostService.swift */ = {isa = PBXFileReference; lastKnownFileType = sourcecode.swift; path = PostService.swift; sourceTree = "<group>"; };
		ECFD63F4298E63AA00B576DA /* AuthView.swift */ = {isa = PBXFileReference; fileEncoding = 4; lastKnownFileType = sourcecode.swift; path = AuthView.swift; sourceTree = "<group>"; };
/* End PBXFileReference section */

/* Begin PBXFrameworksBuildPhase section */
		EC90D611298ACED3001D4520 /* Frameworks */ = {
			isa = PBXFrameworksBuildPhase;
			buildActionMask = 2147483647;
			files = (
				ECF669D52997C0C100855894 /* FirebaseFirestoreSwift in Frameworks */,
				EC401139298BBE260033F54B /* FirebaseFirestore in Frameworks */,
				EC40113B298BBE260033F54B /* FirebaseFunctions in Frameworks */,
				EC401133298BBE260033F54B /* FirebaseAnalytics in Frameworks */,
				EC401135298BBE260033F54B /* FirebaseAuth in Frameworks */,
				EC318E9E29F040B600CEA56B /* FirebaseStorage in Frameworks */,
			);
			runOnlyForDeploymentPostprocessing = 0;
		};
		ECA9AE0129F541C100DDC19B /* Frameworks */ = {
			isa = PBXFrameworksBuildPhase;
			buildActionMask = 2147483647;
			files = (
			);
			runOnlyForDeploymentPostprocessing = 0;
		};
		ECDBEAA429F59A3900ABA499 /* Frameworks */ = {
			isa = PBXFrameworksBuildPhase;
			buildActionMask = 2147483647;
			files = (
			);
			runOnlyForDeploymentPostprocessing = 0;
		};
/* End PBXFrameworksBuildPhase section */

/* Begin PBXGroup section */
		EC015095298BD1FF00BAF650 /* Models */ = {
			isa = PBXGroup;
			children = (
				ECF669CB2996F37900855894 /* PostModel.swift */,
				ECF669CD2996F3C400855894 /* UserModel.swift */,
				EC49E90F29A398A8003AE346 /* CommentModel.swift */,
				EC6E627D29AA15270064110A /* NewsModel.swift */,
				EC4CE36629B7AE4900F600CC /* SearchModel.swift */,
				ECA41EF329BA142000DA03DA /* CompanyModel.swift */,
				EC8FA49F29C10D34009CE80E /* PriceModel.swift */,
				ECA933FC29C22B01003E60FE /* ExchangeModel.swift */,
				EC2880B829CCB3D700E4A085 /* FinanceModel.swift */,
				EC03FC2529DA1BA2000083F0 /* ValuationModel.swift */,
				EC9216BC29E4252F004D06C9 /* AssetModel.swift */,
				EC22E86D29F1AD580043AA40 /* ChartModel.swift */,
			);
			path = Models;
			sourceTree = "<group>";
		};
		EC02CC6829DB5BE40015690E /* Views */ = {
			isa = PBXGroup;
			children = (
				EC917269299547EA00EA924D /* PortfolioView.swift */,
				EC02CC6629DB48E70015690E /* PortfolioRowView.swift */,
				ECF2AF0D29E718FF008306CF /* PositionView.swift */,
				ECDAC4CC29E8754E001B46A9 /* PositionRowView.swift */,
			);
			path = Views;
			sourceTree = "<group>";
		};
		EC02CC6929DB5BF50015690E /* ViewModels */ = {
			isa = PBXGroup;
			children = (
				EC02CC6A29DB5C0B0015690E /* PortfolioViewModel.swift */,
				ECD264B529E532FF009F1C46 /* PortfolioRowViewModel.swift */,
				EC2688B629E7C4CC00FF3021 /* PositionViewModel.swift */,
				ECDAC4CE29E87662001B46A9 /* PositionRowViewModel.swift */,
			);
			path = ViewModels;
			sourceTree = "<group>";
		};
		EC1016F829B1192000DEE9E2 /* Extensions */ = {
			isa = PBXGroup;
			children = (
				EC1016F429B0FBAB00DEE9E2 /* String.swift */,
				ECB0F04E29B33D4A002AF29C /* Date.swift */,
				ECB0F05029B3561A002AF29C /* Double.swift */,
				ECD854942A1A52ED00994408 /* Timestamp.swift */,
				ECD854962A1A646A00994408 /* Int.swift */,
			);
			path = Extensions;
			sourceTree = "<group>";
		};
		EC3CEAA529BB8ED80048FADE /* Components */ = {
			isa = PBXGroup;
			children = (
				EC3CEAA629BB8EF90048FADE /* Views */,
				EC3CEAA729BB8F060048FADE /* ViewModels */,
			);
			path = Components;
			sourceTree = "<group>";
		};
		EC3CEAA629BB8EF90048FADE /* Views */ = {
			isa = PBXGroup;
			children = (
				EC8FA49B29C0FB5C009CE80E /* PriceView.swift */,
				EC82004C29CB79140014E95C /* BarChartView.swift */,
				EC72691629AD2149002FAB32 /* ChartView.swift */,
				EC6802BE29ABA8310019EE18 /* ImageView.swift */,
				EC0F60C929BE456F00C982EE /* FeedBodyView.swift */,
				EC734CAD29CF07B700F295CB /* PieChartView.swift */,
				EC34DEC829D065BC007DE20E /* PieSliceView.swift */,
				EC79D40429F273AD00DF900E /* GrowthRateView.swift */,
			);
			path = Views;
			sourceTree = "<group>";
		};
		EC3CEAA729BB8F060048FADE /* ViewModels */ = {
			isa = PBXGroup;
			children = (
				EC8FA49D29C0FD12009CE80E /* PriceViewModel.swift */,
				EC72691829AD2347002FAB32 /* ChartViewModel.swift */,
				EC6802C029ABA8420019EE18 /* ImageViewModel.swift */,
				EC79D40229F2715F00DF900E /* BarChartViewModel.swift */,
			);
			path = ViewModels;
			sourceTree = "<group>";
		};
		EC40027C29A91B3600CD1036 /* Views */ = {
			isa = PBXGroup;
			children = (
				EC180CB7298C3EEE00671AA2 /* MainView.swift */,
				EC91726F29955E9500EA924D /* SettingsView.swift */,
			);
			path = Views;
			sourceTree = "<group>";
		};
		EC40027D29A91B3D00CD1036 /* ViewModels */ = {
			isa = PBXGroup;
			children = (
				EC40027A29A91ADB00CD1036 /* SettingsViewModel.swift */,
			);
			path = ViewModels;
			sourceTree = "<group>";
		};
		EC6802C229ABA8530019EE18 /* Views */ = {
			isa = PBXGroup;
			children = (
				EC91726B299547F600EA924D /* SearchView.swift */,
				EC6802B829AB8EDF0019EE18 /* StockView.swift */,
				EC3CEAA829BB8F340048FADE /* HomeView.swift */,
				EC3CEAAA29BB8F490048FADE /* FinancialView.swift */,
				EC3CEAAC29BB8F550048FADE /* ValuationView.swift */,
				EC650B3929BCDAF200D508D8 /* AboutView.swift */,
				EC7088B529DC80290088941A /* NewAssetView.swift */,
			);
			path = Views;
			sourceTree = "<group>";
		};
		EC6802C329ABA85D0019EE18 /* ViewModels */ = {
			isa = PBXGroup;
			children = (
				EC4CE36429B7ABC800F600CC /* SearchViewModel.swift */,
				EC6802BA29AB8FDF0019EE18 /* StockViewModel.swift */,
				EC3CEAB029BB8F880048FADE /* HomeViewModel.swift */,
				EC0C8A8029C4AA0300AAB674 /* FinancialViewModel.swift */,
				EC330AAC29C76B5B009A0D30 /* ValuationViewModel.swift */,
				EC7088B729DC9C890088941A /* NewAssetViewModel.swift */,
			);
			path = ViewModels;
			sourceTree = "<group>";
		};
		EC6E628129AA7DA70064110A /* Utilities */ = {
			isa = PBXGroup;
			children = (
				ECC2615629C1DBFD00CE1B7C /* ApiKeys.swift */,
				EC3763D029FABB1000504D4A /* MockDatabase.swift */,
			);
			path = Utilities;
			sourceTree = "<group>";
		};
		EC8650E3299C3CBA00271609 /* News */ = {
			isa = PBXGroup;
			children = (
				ECA41EEE29B9EFCC00DA03DA /* ViewModels */,
				ECA41EED29B9EFBF00DA03DA /* Views */,
			);
			path = News;
			sourceTree = "<group>";
		};
		EC8650E4299C3CC600271609 /* Portfolio */ = {
			isa = PBXGroup;
			children = (
				EC02CC6929DB5BF50015690E /* ViewModels */,
				EC02CC6829DB5BE40015690E /* Views */,
			);
			path = Portfolio;
			sourceTree = "<group>";
		};
		EC8650E5299C3CE400271609 /* Search */ = {
			isa = PBXGroup;
			children = (
				EC6802C229ABA8530019EE18 /* Views */,
				EC6802C329ABA85D0019EE18 /* ViewModels */,
			);
			path = Search;
			sourceTree = "<group>";
		};
		EC88B64929FD1F0C00618EAF /* Services */ = {
			isa = PBXGroup;
			children = (
			);
			path = Services;
			sourceTree = "<group>";
		};
		EC90D60B298ACED3001D4520 = {
			isa = PBXGroup;
			children = (
				EC90D616298ACED3001D4520 /* StockAnalyzer */,
				ECA9AE0529F541C100DDC19B /* StockAnalyzer_Tests */,
				EC90D615298ACED3001D4520 /* Products */,
				ECF669D32997C0C100855894 /* Frameworks */,
			);
			sourceTree = "<group>";
		};
		EC90D615298ACED3001D4520 /* Products */ = {
			isa = PBXGroup;
			children = (
				EC90D614298ACED3001D4520 /* StockAnalyzer.app */,
				ECA9AE0429F541C100DDC19B /* StockAnalyzer_Tests.xctest */,
				ECDBEAA729F59A3900ABA499 /* StockAnalyzer_UITests.xctest */,
			);
			name = Products;
			sourceTree = "<group>";
		};
		EC90D616298ACED3001D4520 /* StockAnalyzer */ = {
			isa = PBXGroup;
			children = (
				EC90D617298ACED3001D4520 /* StockAnalyzerApp.swift */,
				EC1016F829B1192000DEE9E2 /* Extensions */,
				EC6E628129AA7DA70064110A /* Utilities */,
				ECF669D62997D5A800855894 /* Services */,
				EC015095298BD1FF00BAF650 /* Models */,
				ECEBBFCF2998F37B00104326 /* Core */,
				EC90D61B298ACED5001D4520 /* Assets.xcassets */,
				ECC2615829C1E1C400CE1B7C /* GoogleService-Info.plist */,
				ECA1BE60298D3077005AA585 /* StockAnalyzer.entitlements */,
				EC90D61D298ACED5001D4520 /* Preview Content */,
			);
			path = StockAnalyzer;
			sourceTree = "<group>";
		};
		EC90D61D298ACED5001D4520 /* Preview Content */ = {
			isa = PBXGroup;
			children = (
				EC90D61E298ACED5001D4520 /* Preview Assets.xcassets */,
			);
			path = "Preview Content";
			sourceTree = "<group>";
		};
		ECA41EED29B9EFBF00DA03DA /* Views */ = {
			isa = PBXGroup;
			children = (
				EC917267299547DE00EA924D /* NewsView.swift */,
				ECA41EEB29B9EFB800DA03DA /* NewsRowView.swift */,
			);
			path = Views;
			sourceTree = "<group>";
		};
		ECA41EEE29B9EFCC00DA03DA /* ViewModels */ = {
			isa = PBXGroup;
			children = (
				EC6E627F29AA3A820064110A /* NewsViewModel.swift */,
			);
			path = ViewModels;
			sourceTree = "<group>";
		};
		ECA9AE0529F541C100DDC19B /* StockAnalyzer_Tests */ = {
			isa = PBXGroup;
			children = (
				EC88B64929FD1F0C00618EAF /* Services */,
				ECB80DEE29F9749100910473 /* Core */,
			);
			path = StockAnalyzer_Tests;
			sourceTree = "<group>";
		};
		ECB80DEE29F9749100910473 /* Core */ = {
			isa = PBXGroup;
			children = (
				ECB80DF529F97D0B00910473 /* Portfolio */,
				ECB80DF429F97CAD00910473 /* Search */,
				ECB80DF329F97C7900910473 /* Feed */,
				ECB80DF229F97C6000910473 /* News */,
				ECB80DF129F974AD00910473 /* Main */,
				ECB80DEF29F9749700910473 /* Components */,
				ECB80DF029F974A000910473 /* Authentication */,
			);
			path = Core;
			sourceTree = "<group>";
		};
		ECB80DEF29F9749700910473 /* Components */ = {
			isa = PBXGroup;
			children = (
				ECB59B8929F6FA8400CBE51D /* FeedBodyViewModel_Tests.swift */,
				ECB59B8B29F7077800CBE51D /* BarChartViewModel_Tests.swift */,
				ECB59B8129F6EB0500CBE51D /* ImageViewModel_Tests.swift */,
				ECB80E0C29FAA64F00910473 /* ChartViewModel_Tests.swift */,
			);
			path = Components;
			sourceTree = "<group>";
		};
		ECB80DF029F974A000910473 /* Authentication */ = {
			isa = PBXGroup;
			children = (
				ECA9AE0D29F553CC00DDC19B /* AuthViewModel_Tests.swift */,
			);
			path = Authentication;
			sourceTree = "<group>";
		};
		ECB80DF129F974AD00910473 /* Main */ = {
			isa = PBXGroup;
			children = (
				ECDBEAB229F59AC800ABA499 /* SettingsViewModel_Tests.swift */,
			);
			path = Main;
			sourceTree = "<group>";
		};
		ECB80DF229F97C6000910473 /* News */ = {
			isa = PBXGroup;
			children = (
				ECB59B8F29F80B9600CBE51D /* NewsViewModel_Tests.swift */,
				ECB59B8D29F8045200CBE51D /* NewsRowViewModel_Tests.swift */,
			);
			path = News;
			sourceTree = "<group>";
		};
		ECB80DF329F97C7900910473 /* Feed */ = {
			isa = PBXGroup;
			children = (
				ECB59B9529F8524500CBE51D /* PostViewModel_Tests.swift */,
				ECB59B9329F8505F00CBE51D /* FeedViewModel_Tests.swift */,
				ECB80DE829F9558600910473 /* CommentSectionViewModel_Tests.swift */,
				ECB80DEA29F95BBF00910473 /* CommentViewModel_Tests.swift */,
				ECB80DEC29F95E8C00910473 /* NewPostViewModel_Tests.swift */,
			);
			path = Feed;
			sourceTree = "<group>";
		};
		ECB80DF429F97CAD00910473 /* Search */ = {
			isa = PBXGroup;
			children = (
				ECB59B9129F8155E00CBE51D /* SearchViewModel_Tests.swift */,
				ECB80E0029FA4B5500910473 /* NewAssetViewModel_Tests.swift */,
				ECB80E0229FA4FB100910473 /* StockViewModel_Tests.swift */,
				ECB80E0429FA5C4600910473 /* PriceViewModel_Tests.swift */,
				ECB80E0629FA5DF700910473 /* HomeViewModel_Tests.swift */,
				ECB80E0829FA948700910473 /* FinancialViewModel_Test.swift */,
				ECB80E0A29FA984000910473 /* ValuationViewModel_Tests.swift */,
			);
			path = Search;
			sourceTree = "<group>";
		};
		ECB80DF529F97D0B00910473 /* Portfolio */ = {
			isa = PBXGroup;
			children = (
				ECB80DF629F97D3700910473 /* PortfolioViewModel_Tests.swift */,
				ECB80DF829F9817300910473 /* PortfolioRowViewModel_Tests.swift */,
				ECB80DFA29F9922100910473 /* PositionViewModel_Tests.swift */,
				ECB80DFC29F99E1A00910473 /* PositionRowViewModel_Tests.swift */,
			);
			path = Portfolio;
			sourceTree = "<group>";
		};
		ECEBBFCF2998F37B00104326 /* Core */ = {
			isa = PBXGroup;
			children = (
				EC3CEAA529BB8ED80048FADE /* Components */,
				ECEBBFD02998F3FB00104326 /* Authentication */,
				ECEBBFD32998F43B00104326 /* Main */,
				ECEBBFD62998F47D00104326 /* Feed */,
				EC8650E3299C3CBA00271609 /* News */,
				EC8650E4299C3CC600271609 /* Portfolio */,
				EC8650E5299C3CE400271609 /* Search */,
			);
			path = Core;
			sourceTree = "<group>";
		};
		ECEBBFD02998F3FB00104326 /* Authentication */ = {
			isa = PBXGroup;
			children = (
				ECEBBFD12998F40700104326 /* Views */,
				ECEBBFD22998F40E00104326 /* ViewModels */,
			);
			path = Authentication;
			sourceTree = "<group>";
		};
		ECEBBFD12998F40700104326 /* Views */ = {
			isa = PBXGroup;
			children = (
				ECFD63F4298E63AA00B576DA /* AuthView.swift */,
				EC015091298BCEB500BAF650 /* SignInView.swift */,
				ECCA34932A0D388100B0E775 /* SignUpView.swift */,
			);
			path = Views;
			sourceTree = "<group>";
		};
		ECEBBFD22998F40E00104326 /* ViewModels */ = {
			isa = PBXGroup;
			children = (
				EC180CB5298C387000671AA2 /* AuthViewModel.swift */,
			);
			path = ViewModels;
			sourceTree = "<group>";
		};
		ECEBBFD32998F43B00104326 /* Main */ = {
			isa = PBXGroup;
			children = (
				EC40027C29A91B3600CD1036 /* Views */,
				EC40027D29A91B3D00CD1036 /* ViewModels */,
			);
			path = Main;
			sourceTree = "<group>";
		};
		ECEBBFD62998F47D00104326 /* Feed */ = {
			isa = PBXGroup;
			children = (
				ECEBBFD82998F4A700104326 /* Views */,
				ECEBBFD72998F4A100104326 /* ViewModels */,
			);
			path = Feed;
			sourceTree = "<group>";
		};
		ECEBBFD72998F4A100104326 /* ViewModels */ = {
			isa = PBXGroup;
			children = (
				ECF669D12997A2E800855894 /* FeedViewModel.swift */,
				ECEBBFDF299920EE00104326 /* PostViewModel.swift */,
				EC49E90D29A393D1003AE346 /* CommentSectionViewModel.swift */,
				ECCDEFA929A3C30300034C76 /* CommentViewModel.swift */,
				ECCA34952A0D4DBA00B0E775 /* NewPostViewModel.swift */,
			);
			path = ViewModels;
			sourceTree = "<group>";
		};
		ECEBBFD82998F4A700104326 /* Views */ = {
			isa = PBXGroup;
			children = (
				EC67E32A299543B9002EBC2C /* FeedView.swift */,
				EC84911B2996ACC800DD2413 /* PostView.swift */,
				EC49E90B29A39399003AE346 /* CommentSectionView.swift */,
				ECCDEFA729A3C2C500034C76 /* CommentView.swift */,
				EC13277B299E3F760049F993 /* NewPostView.swift */,
				ECB80DFE29F9C5DF00910473 /* NewCommentView.swift */,
			);
			path = Views;
			sourceTree = "<group>";
		};
		ECF669D32997C0C100855894 /* Frameworks */ = {
			isa = PBXGroup;
			children = (
			);
			name = Frameworks;
			sourceTree = "<group>";
		};
		ECF669D62997D5A800855894 /* Services */ = {
			isa = PBXGroup;
			children = (
				ECF669D72997D8FD00855894 /* UserService.swift */,
				ECF669D92997E08E00855894 /* PostService.swift */,
				EC49E91129A398FF003AE346 /* CommentService.swift */,
				EC40027829A9047A00CD1036 /* SessionService.swift */,
				EC6802B629AB767E0019EE18 /* StockService.swift */,
				EC6802C629ABD8110019EE18 /* NewsService.swift */,
				ECA41EF129B9F00600DA03DA /* ImageService.swift */,
				EC02CC6C29DB5C640015690E /* PortfolioService.swift */,
				EC222F9E29EA7E6500B48930 /* SearchService.swift */,
				EC63E13F29EEF92500DA0A4C /* FinanceService.swift */,
				EC22E86929F185470043AA40 /* ChartService.swift */,
			);
			path = Services;
			sourceTree = "<group>";
		};
/* End PBXGroup section */

/* Begin PBXNativeTarget section */
		EC90D613298ACED3001D4520 /* StockAnalyzer */ = {
			isa = PBXNativeTarget;
			buildConfigurationList = EC90D622298ACED5001D4520 /* Build configuration list for PBXNativeTarget "StockAnalyzer" */;
			buildPhases = (
				EC90D610298ACED3001D4520 /* Sources */,
				EC90D611298ACED3001D4520 /* Frameworks */,
				EC90D612298ACED3001D4520 /* Resources */,
			);
			buildRules = (
			);
			dependencies = (
			);
			name = StockAnalyzer;
			packageProductDependencies = (
				EC401132298BBE260033F54B /* FirebaseAnalytics */,
				EC401134298BBE260033F54B /* FirebaseAuth */,
				EC401138298BBE260033F54B /* FirebaseFirestore */,
				EC40113A298BBE260033F54B /* FirebaseFunctions */,
				ECF669D42997C0C100855894 /* FirebaseFirestoreSwift */,
				EC318E9D29F040B600CEA56B /* FirebaseStorage */,
			);
			productName = StockAnalyzer;
			productReference = EC90D614298ACED3001D4520 /* StockAnalyzer.app */;
			productType = "com.apple.product-type.application";
		};
		ECA9AE0329F541C100DDC19B /* StockAnalyzer_Tests */ = {
			isa = PBXNativeTarget;
			buildConfigurationList = ECA9AE0C29F541C200DDC19B /* Build configuration list for PBXNativeTarget "StockAnalyzer_Tests" */;
			buildPhases = (
				ECA9AE0029F541C100DDC19B /* Sources */,
				ECA9AE0129F541C100DDC19B /* Frameworks */,
				ECA9AE0229F541C100DDC19B /* Resources */,
			);
			buildRules = (
			);
			dependencies = (
				ECA9AE0929F541C100DDC19B /* PBXTargetDependency */,
			);
			name = StockAnalyzer_Tests;
			packageProductDependencies = (
			);
			productName = StockAnalyzer_Tests;
			productReference = ECA9AE0429F541C100DDC19B /* StockAnalyzer_Tests.xctest */;
			productType = "com.apple.product-type.bundle.unit-test";
		};
		ECDBEAA629F59A3900ABA499 /* StockAnalyzer_UITests */ = {
			isa = PBXNativeTarget;
			buildConfigurationList = ECDBEAB129F59A3900ABA499 /* Build configuration list for PBXNativeTarget "StockAnalyzer_UITests" */;
			buildPhases = (
				ECDBEAA329F59A3900ABA499 /* Sources */,
				ECDBEAA429F59A3900ABA499 /* Frameworks */,
				ECDBEAA529F59A3900ABA499 /* Resources */,
			);
			buildRules = (
			);
			dependencies = (
				ECDBEAAE29F59A3900ABA499 /* PBXTargetDependency */,
			);
			name = StockAnalyzer_UITests;
			productName = StockAnalyzer_UITests;
			productReference = ECDBEAA729F59A3900ABA499 /* StockAnalyzer_UITests.xctest */;
			productType = "com.apple.product-type.bundle.ui-testing";
		};
/* End PBXNativeTarget section */

/* Begin PBXProject section */
		EC90D60C298ACED3001D4520 /* Project object */ = {
			isa = PBXProject;
			attributes = {
				BuildIndependentTargetsInParallel = 1;
				LastSwiftUpdateCheck = 1400;
				LastUpgradeCheck = 1400;
				TargetAttributes = {
					EC90D613298ACED3001D4520 = {
						CreatedOnToolsVersion = 14.0.1;
					};
					ECA9AE0329F541C100DDC19B = {
						CreatedOnToolsVersion = 14.0.1;
						TestTargetID = EC90D613298ACED3001D4520;
					};
					ECDBEAA629F59A3900ABA499 = {
						CreatedOnToolsVersion = 14.0.1;
						LastSwiftMigration = 1400;
						TestTargetID = EC90D613298ACED3001D4520;
					};
				};
			};
			buildConfigurationList = EC90D60F298ACED3001D4520 /* Build configuration list for PBXProject "StockAnalyzer" */;
			compatibilityVersion = "Xcode 14.0";
			developmentRegion = en;
			hasScannedForEncodings = 0;
			knownRegions = (
				en,
				Base,
			);
			mainGroup = EC90D60B298ACED3001D4520;
			packageReferences = (
				EC401131298BBE260033F54B /* XCRemoteSwiftPackageReference "firebase-ios-sdk" */,
				EC72691A29AD2EE2002FAB32 /* XCRemoteSwiftPackageReference "stock-charts" */,
				EC2880BA29CCD24100E4A085 /* XCRemoteSwiftPackageReference "SwiftPieChart" */,
			);
			productRefGroup = EC90D615298ACED3001D4520 /* Products */;
			projectDirPath = "";
			projectRoot = "";
			targets = (
				EC90D613298ACED3001D4520 /* StockAnalyzer */,
				ECA9AE0329F541C100DDC19B /* StockAnalyzer_Tests */,
				ECDBEAA629F59A3900ABA499 /* StockAnalyzer_UITests */,
			);
		};
/* End PBXProject section */

/* Begin PBXResourcesBuildPhase section */
		EC90D612298ACED3001D4520 /* Resources */ = {
			isa = PBXResourcesBuildPhase;
			buildActionMask = 2147483647;
			files = (
				EC90D61F298ACED5001D4520 /* Preview Assets.xcassets in Resources */,
				EC90D61C298ACED5001D4520 /* Assets.xcassets in Resources */,
				ECC2615929C1E1C500CE1B7C /* GoogleService-Info.plist in Resources */,
			);
			runOnlyForDeploymentPostprocessing = 0;
		};
		ECA9AE0229F541C100DDC19B /* Resources */ = {
			isa = PBXResourcesBuildPhase;
			buildActionMask = 2147483647;
			files = (
			);
			runOnlyForDeploymentPostprocessing = 0;
		};
		ECDBEAA529F59A3900ABA499 /* Resources */ = {
			isa = PBXResourcesBuildPhase;
			buildActionMask = 2147483647;
			files = (
			);
			runOnlyForDeploymentPostprocessing = 0;
		};
/* End PBXResourcesBuildPhase section */

/* Begin PBXSourcesBuildPhase section */
		EC90D610298ACED3001D4520 /* Sources */ = {
			isa = PBXSourcesBuildPhase;
			buildActionMask = 2147483647;
			files = (
				EC222F9F29EA7E6500B48930 /* SearchService.swift in Sources */,
				ECD264B629E532FF009F1C46 /* PortfolioRowViewModel.swift in Sources */,
				ECA41EEC29B9EFB800DA03DA /* NewsRowView.swift in Sources */,
				EC6802B929AB8EDF0019EE18 /* StockView.swift in Sources */,
				EC3CEAA929BB8F340048FADE /* HomeView.swift in Sources */,
				EC91726A299547EA00EA924D /* PortfolioView.swift in Sources */,
				EC3763D129FABB1000504D4A /* MockDatabase.swift in Sources */,
				ECF669D82997D8FD00855894 /* UserService.swift in Sources */,
				EC13277C299E3F760049F993 /* NewPostView.swift in Sources */,
				EC72691929AD2347002FAB32 /* ChartViewModel.swift in Sources */,
				EC6802BB29AB8FDF0019EE18 /* StockViewModel.swift in Sources */,
				EC67E32B299543B9002EBC2C /* FeedView.swift in Sources */,
				EC015092298BCEB500BAF650 /* SignInView.swift in Sources */,
				ECF669CE2996F3C400855894 /* UserModel.swift in Sources */,
				EC2880B929CCB3D700E4A085 /* FinanceModel.swift in Sources */,
				ECDAC4CF29E87662001B46A9 /* PositionRowViewModel.swift in Sources */,
				EC8FA49E29C0FD12009CE80E /* PriceViewModel.swift in Sources */,
				ECF669D22997A2E800855894 /* FeedViewModel.swift in Sources */,
				ECC2615729C1DBFD00CE1B7C /* ApiKeys.swift in Sources */,
				ECB80DFF29F9C5DF00910473 /* NewCommentView.swift in Sources */,
				EC02CC6D29DB5C640015690E /* PortfolioService.swift in Sources */,
				EC82004D29CB79140014E95C /* BarChartView.swift in Sources */,
				EC49E91229A398FF003AE346 /* CommentService.swift in Sources */,
				EC6E627E29AA15270064110A /* NewsModel.swift in Sources */,
				EC3CEAB129BB8F880048FADE /* HomeViewModel.swift in Sources */,
				EC180CB6298C387000671AA2 /* AuthViewModel.swift in Sources */,
				EC72691729AD2149002FAB32 /* ChartView.swift in Sources */,
				ECA933FD29C22B01003E60FE /* ExchangeModel.swift in Sources */,
				ECA41EF229B9F00600DA03DA /* ImageService.swift in Sources */,
				EC90D618298ACED3001D4520 /* StockAnalyzerApp.swift in Sources */,
				EC22E86A29F185470043AA40 /* ChartService.swift in Sources */,
				EC79D40329F2715F00DF900E /* BarChartViewModel.swift in Sources */,
				EC180CB8298C3EEE00671AA2 /* MainView.swift in Sources */,
				EC650B3A29BCDAF200D508D8 /* AboutView.swift in Sources */,
				EC34DEC929D065BC007DE20E /* PieSliceView.swift in Sources */,
				EC22E86E29F1AD580043AA40 /* ChartModel.swift in Sources */,
				EC2688B729E7C4CD00FF3021 /* PositionViewModel.swift in Sources */,
				EC49E90C29A3939A003AE346 /* CommentSectionView.swift in Sources */,
				EC6802C129ABA8420019EE18 /* ImageViewModel.swift in Sources */,
				ECF669CC2996F37900855894 /* PostModel.swift in Sources */,
				ECDAC4CD29E8754E001B46A9 /* PositionRowView.swift in Sources */,
				EC4CE36529B7ABC800F600CC /* SearchViewModel.swift in Sources */,
				ECCDEFA829A3C2C500034C76 /* CommentView.swift in Sources */,
				EC0C8A8129C4AA0300AAB674 /* FinancialViewModel.swift in Sources */,
				EC1016F529B0FBAB00DEE9E2 /* String.swift in Sources */,
				EC02CC6729DB48E70015690E /* PortfolioRowView.swift in Sources */,
				EC03FC2629DA1BA2000083F0 /* ValuationModel.swift in Sources */,
				EC917268299547DE00EA924D /* NewsView.swift in Sources */,
				EC7088B829DC9C890088941A /* NewAssetViewModel.swift in Sources */,
				EC4CE36729B7AE4900F600CC /* SearchModel.swift in Sources */,
				EC63E14029EEF92500DA0A4C /* FinanceService.swift in Sources */,
				EC40027929A9047A00CD1036 /* SessionService.swift in Sources */,
				ECA41EF429BA142000DA03DA /* CompanyModel.swift in Sources */,
				EC6802C729ABD8110019EE18 /* NewsService.swift in Sources */,
				ECFD63F5298E63AA00B576DA /* AuthView.swift in Sources */,
				EC3CEAAD29BB8F550048FADE /* ValuationView.swift in Sources */,
				ECCDEFAA29A3C30300034C76 /* CommentViewModel.swift in Sources */,
				ECD854972A1A646A00994408 /* Int.swift in Sources */,
				EC6E628029AA3A820064110A /* NewsViewModel.swift in Sources */,
				EC734CAE29CF07B700F295CB /* PieChartView.swift in Sources */,
				EC7088B629DC80290088941A /* NewAssetView.swift in Sources */,
				ECB0F05129B3561A002AF29C /* Double.swift in Sources */,
				EC330AAD29C76B5B009A0D30 /* ValuationViewModel.swift in Sources */,
				EC3CEAAB29BB8F490048FADE /* FinancialView.swift in Sources */,
				EC9216BD29E4252F004D06C9 /* AssetModel.swift in Sources */,
				ECF669DA2997E08E00855894 /* PostService.swift in Sources */,
				EC49E90E29A393D1003AE346 /* CommentSectionViewModel.swift in Sources */,
				EC91726C299547F600EA924D /* SearchView.swift in Sources */,
				EC49E91029A398A8003AE346 /* CommentModel.swift in Sources */,
				EC02CC6B29DB5C0B0015690E /* PortfolioViewModel.swift in Sources */,
				ECEBBFE0299920EE00104326 /* PostViewModel.swift in Sources */,
				ECCA34942A0D388100B0E775 /* SignUpView.swift in Sources */,
				EC6802B729AB767E0019EE18 /* StockService.swift in Sources */,
				EC8FA4A029C10D34009CE80E /* PriceModel.swift in Sources */,
				ECCA34962A0D4DBA00B0E775 /* NewPostViewModel.swift in Sources */,
				ECB0F04F29B33D4A002AF29C /* Date.swift in Sources */,
				EC6802BF29ABA8310019EE18 /* ImageView.swift in Sources */,
				EC79D40529F273AD00DF900E /* GrowthRateView.swift in Sources */,
				EC0F60CA29BE456F00C982EE /* FeedBodyView.swift in Sources */,
				EC8FA49C29C0FB5D009CE80E /* PriceView.swift in Sources */,
				EC84911C2996ACC800DD2413 /* PostView.swift in Sources */,
				ECD854952A1A52ED00994408 /* Timestamp.swift in Sources */,
				EC91727029955E9500EA924D /* SettingsView.swift in Sources */,
				EC40027B29A91ADB00CD1036 /* SettingsViewModel.swift in Sources */,
				ECF2AF0E29E718FF008306CF /* PositionView.swift in Sources */,
			);
			runOnlyForDeploymentPostprocessing = 0;
		};
		ECA9AE0029F541C100DDC19B /* Sources */ = {
			isa = PBXSourcesBuildPhase;
			buildActionMask = 2147483647;
			files = (
				ECB80DEB29F95BBF00910473 /* CommentViewModel_Tests.swift in Sources */,
				ECB59B8A29F6FA8400CBE51D /* FeedBodyViewModel_Tests.swift in Sources */,
				ECB80E0729FA5DF700910473 /* HomeViewModel_Tests.swift in Sources */,
				ECB80E0129FA4B5500910473 /* NewAssetViewModel_Tests.swift in Sources */,
				ECA9AE0E29F553CC00DDC19B /* AuthViewModel_Tests.swift in Sources */,
				ECB80E0D29FAA64F00910473 /* ChartViewModel_Tests.swift in Sources */,
				ECB80DE929F9558600910473 /* CommentSectionViewModel_Tests.swift in Sources */,
				ECB80E0B29FA984000910473 /* ValuationViewModel_Tests.swift in Sources */,
				ECB59B9229F8155E00CBE51D /* SearchViewModel_Tests.swift in Sources */,
				ECB59B9429F8505F00CBE51D /* FeedViewModel_Tests.swift in Sources */,
				ECB80E0929FA948700910473 /* FinancialViewModel_Test.swift in Sources */,
				ECB80DF929F9817300910473 /* PortfolioRowViewModel_Tests.swift in Sources */,
				ECDBEAB329F59AC800ABA499 /* SettingsViewModel_Tests.swift in Sources */,
				ECB80DF729F97D3700910473 /* PortfolioViewModel_Tests.swift in Sources */,
				ECB59B8C29F7077800CBE51D /* BarChartViewModel_Tests.swift in Sources */,
				ECB80DED29F95E8C00910473 /* NewPostViewModel_Tests.swift in Sources */,
				ECB80DFB29F9922100910473 /* PositionViewModel_Tests.swift in Sources */,
				ECB59B8E29F8045200CBE51D /* NewsRowViewModel_Tests.swift in Sources */,
				ECB59B8229F6EB0500CBE51D /* ImageViewModel_Tests.swift in Sources */,
				ECB80E0329FA4FB100910473 /* StockViewModel_Tests.swift in Sources */,
				ECB59B9629F8524500CBE51D /* PostViewModel_Tests.swift in Sources */,
				ECB80DFD29F99E1A00910473 /* PositionRowViewModel_Tests.swift in Sources */,
				ECB80E0529FA5C4600910473 /* PriceViewModel_Tests.swift in Sources */,
				ECB59B9029F80B9600CBE51D /* NewsViewModel_Tests.swift in Sources */,
			);
			runOnlyForDeploymentPostprocessing = 0;
		};
		ECDBEAA329F59A3900ABA499 /* Sources */ = {
			isa = PBXSourcesBuildPhase;
			buildActionMask = 2147483647;
			files = (
			);
			runOnlyForDeploymentPostprocessing = 0;
		};
/* End PBXSourcesBuildPhase section */

/* Begin PBXTargetDependency section */
		ECA9AE0929F541C100DDC19B /* PBXTargetDependency */ = {
			isa = PBXTargetDependency;
			target = EC90D613298ACED3001D4520 /* StockAnalyzer */;
			targetProxy = ECA9AE0829F541C100DDC19B /* PBXContainerItemProxy */;
		};
		ECDBEAAE29F59A3900ABA499 /* PBXTargetDependency */ = {
			isa = PBXTargetDependency;
			target = EC90D613298ACED3001D4520 /* StockAnalyzer */;
			targetProxy = ECDBEAAD29F59A3900ABA499 /* PBXContainerItemProxy */;
		};
/* End PBXTargetDependency section */

/* Begin XCBuildConfiguration section */
		EC90D620298ACED5001D4520 /* Debug */ = {
			isa = XCBuildConfiguration;
			buildSettings = {
				ALWAYS_SEARCH_USER_PATHS = NO;
				CLANG_ANALYZER_NONNULL = YES;
				CLANG_ANALYZER_NUMBER_OBJECT_CONVERSION = YES_AGGRESSIVE;
				CLANG_CXX_LANGUAGE_STANDARD = "gnu++20";
				CLANG_ENABLE_MODULES = YES;
				CLANG_ENABLE_OBJC_ARC = YES;
				CLANG_ENABLE_OBJC_WEAK = YES;
				CLANG_WARN_BLOCK_CAPTURE_AUTORELEASING = YES;
				CLANG_WARN_BOOL_CONVERSION = YES;
				CLANG_WARN_COMMA = YES;
				CLANG_WARN_CONSTANT_CONVERSION = YES;
				CLANG_WARN_DEPRECATED_OBJC_IMPLEMENTATIONS = YES;
				CLANG_WARN_DIRECT_OBJC_ISA_USAGE = YES_ERROR;
				CLANG_WARN_DOCUMENTATION_COMMENTS = YES;
				CLANG_WARN_EMPTY_BODY = YES;
				CLANG_WARN_ENUM_CONVERSION = YES;
				CLANG_WARN_INFINITE_RECURSION = YES;
				CLANG_WARN_INT_CONVERSION = YES;
				CLANG_WARN_NON_LITERAL_NULL_CONVERSION = YES;
				CLANG_WARN_OBJC_IMPLICIT_RETAIN_SELF = YES;
				CLANG_WARN_OBJC_LITERAL_CONVERSION = YES;
				CLANG_WARN_OBJC_ROOT_CLASS = YES_ERROR;
				CLANG_WARN_QUOTED_INCLUDE_IN_FRAMEWORK_HEADER = YES;
				CLANG_WARN_RANGE_LOOP_ANALYSIS = YES;
				CLANG_WARN_STRICT_PROTOTYPES = YES;
				CLANG_WARN_SUSPICIOUS_MOVE = YES;
				CLANG_WARN_UNGUARDED_AVAILABILITY = YES_AGGRESSIVE;
				CLANG_WARN_UNREACHABLE_CODE = YES;
				CLANG_WARN__DUPLICATE_METHOD_MATCH = YES;
				COPY_PHASE_STRIP = NO;
				DEBUG_INFORMATION_FORMAT = dwarf;
				ENABLE_STRICT_OBJC_MSGSEND = YES;
				ENABLE_TESTABILITY = YES;
				GCC_C_LANGUAGE_STANDARD = gnu11;
				GCC_DYNAMIC_NO_PIC = NO;
				GCC_NO_COMMON_BLOCKS = YES;
				GCC_OPTIMIZATION_LEVEL = 0;
				GCC_PREPROCESSOR_DEFINITIONS = (
					"DEBUG=1",
					"$(inherited)",
				);
				GCC_WARN_64_TO_32_BIT_CONVERSION = YES;
				GCC_WARN_ABOUT_RETURN_TYPE = YES_ERROR;
				GCC_WARN_UNDECLARED_SELECTOR = YES;
				GCC_WARN_UNINITIALIZED_AUTOS = YES_AGGRESSIVE;
				GCC_WARN_UNUSED_FUNCTION = YES;
				GCC_WARN_UNUSED_VARIABLE = YES;
				IPHONEOS_DEPLOYMENT_TARGET = 16.0;
				MTL_ENABLE_DEBUG_INFO = INCLUDE_SOURCE;
				MTL_FAST_MATH = YES;
				ONLY_ACTIVE_ARCH = YES;
				SDKROOT = iphoneos;
				SWIFT_ACTIVE_COMPILATION_CONDITIONS = DEBUG;
				SWIFT_OPTIMIZATION_LEVEL = "-Onone";
			};
			name = Debug;
		};
		EC90D621298ACED5001D4520 /* Release */ = {
			isa = XCBuildConfiguration;
			buildSettings = {
				ALWAYS_SEARCH_USER_PATHS = NO;
				CLANG_ANALYZER_NONNULL = YES;
				CLANG_ANALYZER_NUMBER_OBJECT_CONVERSION = YES_AGGRESSIVE;
				CLANG_CXX_LANGUAGE_STANDARD = "gnu++20";
				CLANG_ENABLE_MODULES = YES;
				CLANG_ENABLE_OBJC_ARC = YES;
				CLANG_ENABLE_OBJC_WEAK = YES;
				CLANG_WARN_BLOCK_CAPTURE_AUTORELEASING = YES;
				CLANG_WARN_BOOL_CONVERSION = YES;
				CLANG_WARN_COMMA = YES;
				CLANG_WARN_CONSTANT_CONVERSION = YES;
				CLANG_WARN_DEPRECATED_OBJC_IMPLEMENTATIONS = YES;
				CLANG_WARN_DIRECT_OBJC_ISA_USAGE = YES_ERROR;
				CLANG_WARN_DOCUMENTATION_COMMENTS = YES;
				CLANG_WARN_EMPTY_BODY = YES;
				CLANG_WARN_ENUM_CONVERSION = YES;
				CLANG_WARN_INFINITE_RECURSION = YES;
				CLANG_WARN_INT_CONVERSION = YES;
				CLANG_WARN_NON_LITERAL_NULL_CONVERSION = YES;
				CLANG_WARN_OBJC_IMPLICIT_RETAIN_SELF = YES;
				CLANG_WARN_OBJC_LITERAL_CONVERSION = YES;
				CLANG_WARN_OBJC_ROOT_CLASS = YES_ERROR;
				CLANG_WARN_QUOTED_INCLUDE_IN_FRAMEWORK_HEADER = YES;
				CLANG_WARN_RANGE_LOOP_ANALYSIS = YES;
				CLANG_WARN_STRICT_PROTOTYPES = YES;
				CLANG_WARN_SUSPICIOUS_MOVE = YES;
				CLANG_WARN_UNGUARDED_AVAILABILITY = YES_AGGRESSIVE;
				CLANG_WARN_UNREACHABLE_CODE = YES;
				CLANG_WARN__DUPLICATE_METHOD_MATCH = YES;
				COPY_PHASE_STRIP = NO;
				DEBUG_INFORMATION_FORMAT = "dwarf-with-dsym";
				ENABLE_NS_ASSERTIONS = NO;
				ENABLE_STRICT_OBJC_MSGSEND = YES;
				GCC_C_LANGUAGE_STANDARD = gnu11;
				GCC_NO_COMMON_BLOCKS = YES;
				GCC_WARN_64_TO_32_BIT_CONVERSION = YES;
				GCC_WARN_ABOUT_RETURN_TYPE = YES_ERROR;
				GCC_WARN_UNDECLARED_SELECTOR = YES;
				GCC_WARN_UNINITIALIZED_AUTOS = YES_AGGRESSIVE;
				GCC_WARN_UNUSED_FUNCTION = YES;
				GCC_WARN_UNUSED_VARIABLE = YES;
				IPHONEOS_DEPLOYMENT_TARGET = 16.0;
				MTL_ENABLE_DEBUG_INFO = NO;
				MTL_FAST_MATH = YES;
				SDKROOT = iphoneos;
				SWIFT_COMPILATION_MODE = wholemodule;
				SWIFT_OPTIMIZATION_LEVEL = "-O";
				VALIDATE_PRODUCT = YES;
			};
			name = Release;
		};
		EC90D623298ACED5001D4520 /* Debug */ = {
			isa = XCBuildConfiguration;
			buildSettings = {
				ASSETCATALOG_COMPILER_APPICON_NAME = AppIcon;
				ASSETCATALOG_COMPILER_GLOBAL_ACCENT_COLOR_NAME = AccentColor;
				CODE_SIGN_ENTITLEMENTS = StockAnalyzer/StockAnalyzer.entitlements;
				CODE_SIGN_STYLE = Automatic;
				CURRENT_PROJECT_VERSION = 1;
				DEVELOPMENT_ASSET_PATHS = "\"StockAnalyzer/Preview Content\"";
				DEVELOPMENT_TEAM = BA8C9C22XU;
				ENABLE_PREVIEWS = YES;
				GENERATE_INFOPLIST_FILE = YES;
				INFOPLIST_KEY_UIApplicationSceneManifest_Generation = YES;
				INFOPLIST_KEY_UIApplicationSupportsIndirectInputEvents = YES;
				INFOPLIST_KEY_UILaunchScreen_Generation = YES;
				INFOPLIST_KEY_UIStatusBarStyle = "";
				INFOPLIST_KEY_UISupportedInterfaceOrientations = UIInterfaceOrientationPortrait;
				LD_RUNPATH_SEARCH_PATHS = (
					"$(inherited)",
					"@executable_path/Frameworks",
				);
				MARKETING_VERSION = 1.0;
				PRODUCT_BUNDLE_IDENTIFIER = com.david.StockAnalyzer;
				PRODUCT_NAME = "$(TARGET_NAME)";
				SWIFT_EMIT_LOC_STRINGS = YES;
				SWIFT_VERSION = 5.0;
				TARGETED_DEVICE_FAMILY = 1;
			};
			name = Debug;
		};
		EC90D624298ACED5001D4520 /* Release */ = {
			isa = XCBuildConfiguration;
			buildSettings = {
				ASSETCATALOG_COMPILER_APPICON_NAME = AppIcon;
				ASSETCATALOG_COMPILER_GLOBAL_ACCENT_COLOR_NAME = AccentColor;
				CODE_SIGN_ENTITLEMENTS = StockAnalyzer/StockAnalyzer.entitlements;
				CODE_SIGN_STYLE = Automatic;
				CURRENT_PROJECT_VERSION = 1;
				DEVELOPMENT_ASSET_PATHS = "\"StockAnalyzer/Preview Content\"";
				DEVELOPMENT_TEAM = BA8C9C22XU;
				ENABLE_PREVIEWS = YES;
				GENERATE_INFOPLIST_FILE = YES;
				INFOPLIST_KEY_UIApplicationSceneManifest_Generation = YES;
				INFOPLIST_KEY_UIApplicationSupportsIndirectInputEvents = YES;
				INFOPLIST_KEY_UILaunchScreen_Generation = YES;
				INFOPLIST_KEY_UIStatusBarStyle = "";
				INFOPLIST_KEY_UISupportedInterfaceOrientations = UIInterfaceOrientationPortrait;
				LD_RUNPATH_SEARCH_PATHS = (
					"$(inherited)",
					"@executable_path/Frameworks",
				);
				MARKETING_VERSION = 1.0;
				PRODUCT_BUNDLE_IDENTIFIER = com.david.StockAnalyzer;
				PRODUCT_NAME = "$(TARGET_NAME)";
				SWIFT_EMIT_LOC_STRINGS = YES;
				SWIFT_VERSION = 5.0;
				TARGETED_DEVICE_FAMILY = 1;
			};
			name = Release;
		};
		ECA9AE0A29F541C200DDC19B /* Debug */ = {
			isa = XCBuildConfiguration;
			buildSettings = {
				BUNDLE_LOADER = "$(BUILT_PRODUCTS_DIR)/StockAnalyzer.app/StockAnalyzer";
				CODE_SIGN_STYLE = Automatic;
				CURRENT_PROJECT_VERSION = 1;
				DEVELOPMENT_TEAM = BA8C9C22XU;
				GENERATE_INFOPLIST_FILE = YES;
				MARKETING_VERSION = 1.0;
				PRODUCT_BUNDLE_IDENTIFIER = "com.david.StockAnalyzer-Tests";
				PRODUCT_NAME = "$(TARGET_NAME)";
				SWIFT_EMIT_LOC_STRINGS = NO;
				SWIFT_VERSION = 5.0;
				TARGETED_DEVICE_FAMILY = "1,2";
				TEST_HOST = "$(BUILT_PRODUCTS_DIR)/StockAnalyzer.app/$(BUNDLE_EXECUTABLE_FOLDER_PATH)/StockAnalyzer";
			};
			name = Debug;
		};
		ECA9AE0B29F541C200DDC19B /* Release */ = {
			isa = XCBuildConfiguration;
			buildSettings = {
				BUNDLE_LOADER = "$(BUILT_PRODUCTS_DIR)/StockAnalyzer.app/StockAnalyzer";
				CODE_SIGN_STYLE = Automatic;
				CURRENT_PROJECT_VERSION = 1;
				DEVELOPMENT_TEAM = BA8C9C22XU;
				GENERATE_INFOPLIST_FILE = YES;
				MARKETING_VERSION = 1.0;
				PRODUCT_BUNDLE_IDENTIFIER = "com.david.StockAnalyzer-Tests";
				PRODUCT_NAME = "$(TARGET_NAME)";
				SWIFT_EMIT_LOC_STRINGS = NO;
				SWIFT_VERSION = 5.0;
				TARGETED_DEVICE_FAMILY = "1,2";
				TEST_HOST = "$(BUILT_PRODUCTS_DIR)/StockAnalyzer.app/$(BUNDLE_EXECUTABLE_FOLDER_PATH)/StockAnalyzer";
			};
			name = Release;
		};
		ECDBEAAF29F59A3900ABA499 /* Debug */ = {
			isa = XCBuildConfiguration;
			buildSettings = {
				CLANG_ENABLE_MODULES = YES;
				CODE_SIGN_STYLE = Automatic;
				CURRENT_PROJECT_VERSION = 1;
				DEVELOPMENT_TEAM = BA8C9C22XU;
				GENERATE_INFOPLIST_FILE = YES;
				LD_RUNPATH_SEARCH_PATHS = (
					"$(inherited)",
					"@executable_path/Frameworks",
					"@loader_path/Frameworks",
				);
				MARKETING_VERSION = 1.0;
				PRODUCT_BUNDLE_IDENTIFIER = "com.david.StockAnalyzer-UITests";
				PRODUCT_NAME = "$(TARGET_NAME)";
				SWIFT_EMIT_LOC_STRINGS = NO;
				SWIFT_OPTIMIZATION_LEVEL = "-Onone";
				SWIFT_VERSION = 5.0;
				TARGETED_DEVICE_FAMILY = "1,2";
				TEST_TARGET_NAME = StockAnalyzer;
			};
			name = Debug;
		};
		ECDBEAB029F59A3900ABA499 /* Release */ = {
			isa = XCBuildConfiguration;
			buildSettings = {
				CLANG_ENABLE_MODULES = YES;
				CODE_SIGN_STYLE = Automatic;
				CURRENT_PROJECT_VERSION = 1;
				DEVELOPMENT_TEAM = BA8C9C22XU;
				GENERATE_INFOPLIST_FILE = YES;
				LD_RUNPATH_SEARCH_PATHS = (
					"$(inherited)",
					"@executable_path/Frameworks",
					"@loader_path/Frameworks",
				);
				MARKETING_VERSION = 1.0;
				PRODUCT_BUNDLE_IDENTIFIER = "com.david.StockAnalyzer-UITests";
				PRODUCT_NAME = "$(TARGET_NAME)";
				SWIFT_EMIT_LOC_STRINGS = NO;
				SWIFT_VERSION = 5.0;
				TARGETED_DEVICE_FAMILY = "1,2";
				TEST_TARGET_NAME = StockAnalyzer;
			};
			name = Release;
		};
/* End XCBuildConfiguration section */

/* Begin XCConfigurationList section */
		EC90D60F298ACED3001D4520 /* Build configuration list for PBXProject "StockAnalyzer" */ = {
			isa = XCConfigurationList;
			buildConfigurations = (
				EC90D620298ACED5001D4520 /* Debug */,
				EC90D621298ACED5001D4520 /* Release */,
			);
			defaultConfigurationIsVisible = 0;
			defaultConfigurationName = Release;
		};
		EC90D622298ACED5001D4520 /* Build configuration list for PBXNativeTarget "StockAnalyzer" */ = {
			isa = XCConfigurationList;
			buildConfigurations = (
				EC90D623298ACED5001D4520 /* Debug */,
				EC90D624298ACED5001D4520 /* Release */,
			);
			defaultConfigurationIsVisible = 0;
			defaultConfigurationName = Release;
		};
		ECA9AE0C29F541C200DDC19B /* Build configuration list for PBXNativeTarget "StockAnalyzer_Tests" */ = {
			isa = XCConfigurationList;
			buildConfigurations = (
				ECA9AE0A29F541C200DDC19B /* Debug */,
				ECA9AE0B29F541C200DDC19B /* Release */,
			);
			defaultConfigurationIsVisible = 0;
			defaultConfigurationName = Release;
		};
		ECDBEAB129F59A3900ABA499 /* Build configuration list for PBXNativeTarget "StockAnalyzer_UITests" */ = {
			isa = XCConfigurationList;
			buildConfigurations = (
				ECDBEAAF29F59A3900ABA499 /* Debug */,
				ECDBEAB029F59A3900ABA499 /* Release */,
			);
			defaultConfigurationIsVisible = 0;
			defaultConfigurationName = Release;
		};
/* End XCConfigurationList section */

/* Begin XCRemoteSwiftPackageReference section */
		EC2880BA29CCD24100E4A085 /* XCRemoteSwiftPackageReference "SwiftPieChart" */ = {
			isa = XCRemoteSwiftPackageReference;
			repositoryURL = "https://github.com/ilamanov/SwiftPieChart";
			requirement = {
				kind = upToNextMajorVersion;
				minimumVersion = 1.0.0;
			};
		};
		EC401131298BBE260033F54B /* XCRemoteSwiftPackageReference "firebase-ios-sdk" */ = {
			isa = XCRemoteSwiftPackageReference;
			repositoryURL = "https://github.com/firebase/firebase-ios-sdk";
			requirement = {
				kind = upToNextMajorVersion;
				minimumVersion = 9.0.0;
			};
		};
		EC72691A29AD2EE2002FAB32 /* XCRemoteSwiftPackageReference "stock-charts" */ = {
			isa = XCRemoteSwiftPackageReference;
			repositoryURL = "https://github.com/denniscmartin/stock-charts.git";
			requirement = {
				kind = upToNextMajorVersion;
				minimumVersion = 1.0.0;
			};
		};
/* End XCRemoteSwiftPackageReference section */

/* Begin XCSwiftPackageProductDependency section */
		EC318E9D29F040B600CEA56B /* FirebaseStorage */ = {
			isa = XCSwiftPackageProductDependency;
			package = EC401131298BBE260033F54B /* XCRemoteSwiftPackageReference "firebase-ios-sdk" */;
			productName = FirebaseStorage;
		};
		EC401132298BBE260033F54B /* FirebaseAnalytics */ = {
			isa = XCSwiftPackageProductDependency;
			package = EC401131298BBE260033F54B /* XCRemoteSwiftPackageReference "firebase-ios-sdk" */;
			productName = FirebaseAnalytics;
		};
		EC401134298BBE260033F54B /* FirebaseAuth */ = {
			isa = XCSwiftPackageProductDependency;
			package = EC401131298BBE260033F54B /* XCRemoteSwiftPackageReference "firebase-ios-sdk" */;
			productName = FirebaseAuth;
		};
		EC401138298BBE260033F54B /* FirebaseFirestore */ = {
			isa = XCSwiftPackageProductDependency;
			package = EC401131298BBE260033F54B /* XCRemoteSwiftPackageReference "firebase-ios-sdk" */;
			productName = FirebaseFirestore;
		};
		EC40113A298BBE260033F54B /* FirebaseFunctions */ = {
			isa = XCSwiftPackageProductDependency;
			package = EC401131298BBE260033F54B /* XCRemoteSwiftPackageReference "firebase-ios-sdk" */;
			productName = FirebaseFunctions;
		};
		ECF669D42997C0C100855894 /* FirebaseFirestoreSwift */ = {
			isa = XCSwiftPackageProductDependency;
			package = EC401131298BBE260033F54B /* XCRemoteSwiftPackageReference "firebase-ios-sdk" */;
			productName = FirebaseFirestoreSwift;
		};
/* End XCSwiftPackageProductDependency section */
	};
	rootObject = EC90D60C298ACED3001D4520 /* Project object */;
}
